{
  "name": "home",
  "version": "0.0.0",
  "lockfileVersion": 3,
  "requires": true,
  "packages": {
    "": {
      "name": "home",
      "version": "0.0.0",
      "dependencies": {
        "@formkit/themes": "^1.4.0",
        "@formkit/vue": "^1.4.0",
        "ant-design-vue": "^4.0.0-rc.6",
        "axios": "^1.6.2",
        "pinia": "^2.1.7",
        "vue": "^3.3.10",
        "vue-router": "4"
      },
      "devDependencies": {
        "@vitejs/plugin-vue": "^4.5.1",
        "vite": "^5.0.5"
      }
    },
    "node_modules/@ant-design/colors": {
      "version": "6.0.0",
      "resolved": "https://registry.npmjs.org/@ant-design/colors/-/colors-6.0.0.tgz",
      "integrity": "sha512-qAZRvPzfdWHtfameEGP2Qvuf838NhergR35o+EuVyB5XvSA98xod5r4utvi4TJ3ywmevm290g9nsCG5MryrdWQ==",
      "dependencies": {
        "@ctrl/tinycolor": "^3.4.0"
      }
    },
    "node_modules/@ant-design/icons-svg": {
      "version": "4.3.1",
      "resolved": "https://registry.npmjs.org/@ant-design/icons-svg/-/icons-svg-4.3.1.tgz",
      "integrity": "sha512-4QBZg8ccyC6LPIRii7A0bZUk3+lEDCLnhB+FVsflGdcWPPmV+j3fire4AwwoqHV/BibgvBmR9ZIo4s867smv+g=="
    },
    "node_modules/@ant-design/icons-vue": {
      "version": "6.1.0",
      "resolved": "https://registry.npmjs.org/@ant-design/icons-vue/-/icons-vue-6.1.0.tgz",
      "integrity": "sha512-EX6bYm56V+ZrKN7+3MT/ubDkvJ5rK/O2t380WFRflDcVFgsvl3NLH7Wxeau6R8DbrO5jWR6DSTC3B6gYFp77AA==",
      "dependencies": {
        "@ant-design/colors": "^6.0.0",
        "@ant-design/icons-svg": "^4.2.1"
      },
      "peerDependencies": {
        "vue": ">=3.0.3"
      }
    },
    "node_modules/@babel/parser": {
      "version": "7.23.6",
      "resolved": "https://registry.npmjs.org/@babel/parser/-/parser-7.23.6.tgz",
      "integrity": "sha512-Z2uID7YJ7oNvAI20O9X0bblw7Qqs8Q2hFy0R9tAfnfLkp5MW0UH9eUvnDSnFwKZ0AvgS1ucqR4KzvVHgnke1VQ==",
      "license": "MIT",
      "bin": {
        "parser": "bin/babel-parser.js"
      },
      "engines": {
        "node": ">=6.0.0"
      }
    },
    "node_modules/@babel/runtime": {
      "version": "7.23.7",
      "resolved": "https://registry.npmjs.org/@babel/runtime/-/runtime-7.23.7.tgz",
      "integrity": "sha512-w06OXVOFso7LcbzMiDGt+3X7Rh7Ho8MmgPoWU3rarH+8upf+wSU/grlGbWzQyr3DkdN6ZeuMFjpdwW0Q+HxobA==",
      "dependencies": {
        "regenerator-runtime": "^0.14.0"
      },
      "engines": {
        "node": ">=6.9.0"
      }
    },
    "node_modules/@ctrl/tinycolor": {
      "version": "3.6.1",
      "resolved": "https://registry.npmjs.org/@ctrl/tinycolor/-/tinycolor-3.6.1.tgz",
      "integrity": "sha512-SITSV6aIXsuVNV3f3O0f2n/cgyEDWoSqtZMYiAmcsYHydcKrOz3gUxB/iXd/Qf08+IZX4KpgNbvUdMBmWz+kcA==",
      "engines": {
        "node": ">=10"
      }
    },
    "node_modules/@emotion/hash": {
      "version": "0.9.1",
      "resolved": "https://registry.npmjs.org/@emotion/hash/-/hash-0.9.1.tgz",
      "integrity": "sha512-gJB6HLm5rYwSLI6PQa+X1t5CFGrv1J1TWG+sOyMCeKz2ojaj6Fnl/rZEspogG+cvqbt4AE/2eIyD2QfLKTBNlQ=="
    },
    "node_modules/@emotion/unitless": {
      "version": "0.8.1",
      "resolved": "https://registry.npmjs.org/@emotion/unitless/-/unitless-0.8.1.tgz",
      "integrity": "sha512-KOEGMu6dmJZtpadb476IsZBclKvILjopjUii3V+7MnXIQCYh8W3NgNcgwo21n9LXZX6EDIKvqfjYxXebDwxKmQ=="
    },
    "node_modules/@esbuild/darwin-arm64": {
      "version": "0.19.9",
      "resolved": "https://registry.npmjs.org/@esbuild/darwin-arm64/-/darwin-arm64-0.19.9.tgz",
      "integrity": "sha512-KBJ9S0AFyLVx2E5D8W0vExqRW01WqRtczUZ8NRu+Pi+87opZn5tL4Y0xT0mA4FtHctd0ZgwNoN639fUUGlNIWw==",
      "cpu": [
        "arm64"
      ],
      "dev": true,
      "license": "MIT",
      "optional": true,
      "os": [
        "darwin"
      ],
      "engines": {
        "node": ">=12"
      }
    },
    "node_modules/@formkit/core": {
      "version": "1.4.0",
      "resolved": "https://registry.npmjs.org/@formkit/core/-/core-1.4.0.tgz",
      "integrity": "sha512-LQYICzYWTC+ZXPyfizHDRJTBx6WLM3eRk9T4tzU8YPV58AYWPq3E4dbN5CKl7mPApAcJX6NxQOCYuNrdNKZvQA==",
      "license": "MIT",
      "dependencies": {
        "@formkit/utils": "1.4.0"
      }
    },
    "node_modules/@formkit/dev": {
      "version": "1.4.0",
      "resolved": "https://registry.npmjs.org/@formkit/dev/-/dev-1.4.0.tgz",
      "integrity": "sha512-y71zSZGAWdqjuj5p7IvptJXgDXYFTZrJSjZ9HeQjNYJ1n3Nwc7latTzJSEQyOHuboSzRWafATYNeB3pqiTvBYg==",
      "license": "MIT",
      "dependencies": {
        "@formkit/core": "1.4.0",
        "@formkit/utils": "1.4.0"
      }
    },
    "node_modules/@formkit/i18n": {
      "version": "1.4.0",
      "resolved": "https://registry.npmjs.org/@formkit/i18n/-/i18n-1.4.0.tgz",
      "integrity": "sha512-NRqw3ummnboUVkxN68jdy/T/mvgnf0/8v76160V3dTdt4OK9Q1Eq0a7pgonm0gBqisezX/0pELRWD0NPgUZSPw==",
      "license": "MIT",
      "dependencies": {
        "@formkit/core": "1.4.0",
        "@formkit/utils": "1.4.0",
        "@formkit/validation": "1.4.0"
      }
    },
    "node_modules/@formkit/inputs": {
      "version": "1.4.0",
      "resolved": "https://registry.npmjs.org/@formkit/inputs/-/inputs-1.4.0.tgz",
      "integrity": "sha512-6IvgjOZnvtYq2oSEXkarDCaabxl4o29FhFmD64d0lC8WTaVLcRPKgo9BsLaVvLYfJgVKDzFyPIMGLFNhTsiJ/Q==",
      "license": "MIT",
      "dependencies": {
        "@formkit/core": "1.4.0",
        "@formkit/utils": "1.4.0"
      }
    },
    "node_modules/@formkit/observer": {
      "version": "1.4.0",
      "resolved": "https://registry.npmjs.org/@formkit/observer/-/observer-1.4.0.tgz",
      "integrity": "sha512-sNjLqi+deN2TCnuRDWdOJ1OjTyxavFKg9pVK1E1KRrbQr0pvPDaS4qYIjrIIWg0YMsQiea487r03elLVesMWWw==",
      "license": "MIT",
      "dependencies": {
        "@formkit/core": "1.4.0",
        "@formkit/utils": "1.4.0"
      }
    },
    "node_modules/@formkit/rules": {
      "version": "1.4.0",
      "resolved": "https://registry.npmjs.org/@formkit/rules/-/rules-1.4.0.tgz",
      "integrity": "sha512-NEVDjN89Zwx26Ze0gwqd/Bml3d4QIzp3SDps3uND9IE1Ssd3yvvSSjF5jVeHLE7ZMDLUDfOepf5xyqhPE1UbqA==",
      "license": "MIT",
      "dependencies": {
        "@formkit/core": "1.4.0",
        "@formkit/utils": "1.4.0",
        "@formkit/validation": "1.4.0"
      }
    },
    "node_modules/@formkit/themes": {
      "version": "1.4.0",
      "resolved": "https://registry.npmjs.org/@formkit/themes/-/themes-1.4.0.tgz",
      "integrity": "sha512-isyHZALh6S3BM+0G5NeRQkI12gydDRXEkI6oGt5uTn3Ju2olLt8RwOXNYgJ9lWSb8HrfuHh7/89SozdIRNVuCA==",
      "license": "MIT",
      "dependencies": {
        "@formkit/core": "1.4.0"
      },
      "peerDependencies": {
        "tailwindcss": "^3.2.0",
        "unocss": "^0.31.0",
        "windicss": "^3.0.0"
      },
      "peerDependenciesMeta": {
        "tailwindcss": {
          "optional": true
        },
        "unocss": {
          "optional": true
        },
        "windicss": {
          "optional": true
        }
      }
    },
    "node_modules/@formkit/utils": {
      "version": "1.4.0",
      "resolved": "https://registry.npmjs.org/@formkit/utils/-/utils-1.4.0.tgz",
      "integrity": "sha512-HAkULL7/0PnRZmMJyFHZ3wxxTYl+tuJrSk13/LQyxB77luwlq8sCvlGaF5cz+0JX70HSVVc0ZJjJT4o0uTVeYQ==",
      "license": "MIT"
    },
    "node_modules/@formkit/validation": {
      "version": "1.4.0",
      "resolved": "https://registry.npmjs.org/@formkit/validation/-/validation-1.4.0.tgz",
      "integrity": "sha512-KF25aU5ouwg+dFryyDGPTEFgik2TzbiT824PkIQJn7Fgepplo3Dj/UvjHmM2u0hBvIE2CS6XtgE0XVhn1kRG+A==",
      "license": "MIT",
      "dependencies": {
        "@formkit/core": "1.4.0",
        "@formkit/observer": "1.4.0",
        "@formkit/utils": "1.4.0"
      }
    },
    "node_modules/@formkit/vue": {
      "version": "1.4.0",
      "resolved": "https://registry.npmjs.org/@formkit/vue/-/vue-1.4.0.tgz",
      "integrity": "sha512-qxLJLG/rc0Mv75h9aaBu1SIFo8AZq1mMCa+u4aWQdXf0k/e8Mfuyhkch25c9pfbzSjEpFzs7G7L5U1gMuTcmtQ==",
      "license": "MIT",
      "dependencies": {
        "@formkit/core": "1.4.0",
        "@formkit/dev": "1.4.0",
        "@formkit/i18n": "1.4.0",
        "@formkit/inputs": "1.4.0",
        "@formkit/observer": "1.4.0",
        "@formkit/rules": "1.4.0",
        "@formkit/themes": "1.4.0",
        "@formkit/utils": "1.4.0",
        "@formkit/validation": "1.4.0",
        "vue": "^3.3.4"
      }
    },
    "node_modules/@formkit/vue/node_modules/@vue/compiler-core": {
      "version": "3.4.0",
      "resolved": "https://registry.npmjs.org/@vue/compiler-core/-/compiler-core-3.4.0.tgz",
      "integrity": "sha512-cw4S15PkNGTKkP9OFFl4wnQoJJk+HqaYBafgrpDnSukiQGpcYJeRpzmqnCVCIkl6V6Eqsv58E0OAdl6b592vuA==",
      "license": "MIT",
      "dependencies": {
        "@babel/parser": "^7.23.6",
        "@vue/shared": "3.4.0",
        "entities": "^4.5.0",
        "estree-walker": "^2.0.2",
        "source-map-js": "^1.0.2"
      }
    },
    "node_modules/@formkit/vue/node_modules/@vue/compiler-dom": {
      "version": "3.4.0",
      "resolved": "https://registry.npmjs.org/@vue/compiler-dom/-/compiler-dom-3.4.0.tgz",
      "integrity": "sha512-E957uOhpoE48YjZGWeAoLmNYd3UeU4oIP8kJi8Rcsb9l2tV8Z48Jn07Zgq1aW0v3vuhlmydEKkKKbhLpADHXEA==",
      "license": "MIT",
      "dependencies": {
        "@vue/compiler-core": "3.4.0",
        "@vue/shared": "3.4.0"
      }
    },
    "node_modules/@formkit/vue/node_modules/@vue/compiler-sfc": {
      "version": "3.4.0",
      "resolved": "https://registry.npmjs.org/@vue/compiler-sfc/-/compiler-sfc-3.4.0.tgz",
      "integrity": "sha512-PWE0mE2yW7bJS7PmaCrVDEG6KPaDJo0pb4AKnCxJ5lRRDO4IwL/fswBGhCpov+v/c+N/e+hQHpXNwvqU9BtUXg==",
      "license": "MIT",
      "dependencies": {
        "@babel/parser": "^7.23.6",
        "@vue/compiler-core": "3.4.0",
        "@vue/compiler-dom": "3.4.0",
        "@vue/compiler-ssr": "3.4.0",
        "@vue/shared": "3.4.0",
        "estree-walker": "^2.0.2",
        "magic-string": "^0.30.5",
        "postcss": "^8.4.32",
        "source-map-js": "^1.0.2"
      }
    },
    "node_modules/@formkit/vue/node_modules/@vue/compiler-ssr": {
      "version": "3.4.0",
      "resolved": "https://registry.npmjs.org/@vue/compiler-ssr/-/compiler-ssr-3.4.0.tgz",
      "integrity": "sha512-+oXKy105g9DIYQKDi3Gwung0xqQX5gJHr0GR+Vf7yK/WkNDM6q61ummcKmKAB85EIst8y3vj2PA9z9YU5Oc4DQ==",
      "license": "MIT",
      "dependencies": {
        "@vue/compiler-dom": "3.4.0",
        "@vue/shared": "3.4.0"
      }
    },
    "node_modules/@formkit/vue/node_modules/@vue/reactivity": {
      "version": "3.4.0",
      "resolved": "https://registry.npmjs.org/@vue/reactivity/-/reactivity-3.4.0.tgz",
      "integrity": "sha512-X6BvQjNcgKKHWPQzlRJjZvIu72Kkn8xJSv6VNptqWh8dToMknD0Hch1l4N7llKgVt6Diq4lMeUnErbZFvuGlAA==",
      "license": "MIT",
      "dependencies": {
        "@vue/shared": "3.4.0"
      }
    },
    "node_modules/@formkit/vue/node_modules/@vue/runtime-core": {
      "version": "3.4.0",
      "resolved": "https://registry.npmjs.org/@vue/runtime-core/-/runtime-core-3.4.0.tgz",
      "integrity": "sha512-NYrj/JgMMqnSWcIud8lLzDQrBLu+EVEeQ56QE9DYJeKG2eFrnQy8o/h57R9nCprafHs0uImKL3xsdXjHseYVxw==",
      "license": "MIT",
      "dependencies": {
        "@vue/reactivity": "3.4.0",
        "@vue/shared": "3.4.0"
      }
    },
    "node_modules/@formkit/vue/node_modules/@vue/runtime-dom": {
      "version": "3.4.0",
      "resolved": "https://registry.npmjs.org/@vue/runtime-dom/-/runtime-dom-3.4.0.tgz",
      "integrity": "sha512-1ZoHEsA5l77qbx2F+SWo/hQdBksPuOmww1t/jznidDG+xMB/iidafEFvo2ZTtZii0JfTIrlDhjshfYUvQC17wQ==",
      "license": "MIT",
      "dependencies": {
        "@vue/runtime-core": "3.4.0",
        "@vue/shared": "3.4.0",
        "csstype": "^3.1.3"
      }
    },
    "node_modules/@formkit/vue/node_modules/@vue/server-renderer": {
      "version": "3.4.0",
      "resolved": "https://registry.npmjs.org/@vue/server-renderer/-/server-renderer-3.4.0.tgz",
      "integrity": "sha512-GuOVCyLDlWPu8nKo5AUxb8B+iB/Ik4I1WwqAlBqf5+y48z6D6rvKshp7KR3cJea+pte1tdTsb0+Ja82KizMZOw==",
      "license": "MIT",
      "dependencies": {
        "@vue/compiler-ssr": "3.4.0",
        "@vue/shared": "3.4.0"
      },
      "peerDependencies": {
        "vue": "3.4.0"
      }
    },
    "node_modules/@formkit/vue/node_modules/@vue/shared": {
      "version": "3.4.0",
      "resolved": "https://registry.npmjs.org/@vue/shared/-/shared-3.4.0.tgz",
      "integrity": "sha512-Nhh3ed3G1R6HDAWiG6YYFt0Zmq/To6u5vjzwa9TIquGheCXPY6nEdIAO8ZdlwXsWqC2yNLj700FOvShpYt5CEA==",
      "license": "MIT"
    },
    "node_modules/@formkit/vue/node_modules/vue": {
      "version": "3.4.0",
      "resolved": "https://registry.npmjs.org/vue/-/vue-3.4.0.tgz",
      "integrity": "sha512-iTE9Ve/7DO/H39+gXHrNkRdnh1jDwPe/fap4brbPKkp1APMkS03OiZ+UY0dwpqtRX0iPWQTkh8Fu3hKgLtaxfA==",
      "license": "MIT",
      "dependencies": {
        "@vue/compiler-dom": "3.4.0",
        "@vue/compiler-sfc": "3.4.0",
        "@vue/runtime-dom": "3.4.0",
        "@vue/server-renderer": "3.4.0",
        "@vue/shared": "3.4.0"
      },
      "peerDependencies": {
        "typescript": "*"
      },
      "peerDependenciesMeta": {
        "typescript": {
          "optional": true
        }
      }
    },
    "node_modules/@jridgewell/sourcemap-codec": {
      "version": "1.4.15",
      "resolved": "https://registry.npmjs.org/@jridgewell/sourcemap-codec/-/sourcemap-codec-1.4.15.tgz",
      "integrity": "sha512-eF2rxCRulEKXHTRiDrDy6erMYWqNw4LPdQ8UQA4huuxaQsVeRPFl2oM8oDGxMFhJUWZf9McpLtJasDDZb/Bpeg==",
      "license": "MIT"
    },
    "node_modules/@rollup/rollup-darwin-arm64": {
      "version": "4.9.0",
      "resolved": "https://registry.npmjs.org/@rollup/rollup-darwin-arm64/-/rollup-darwin-arm64-4.9.0.tgz",
      "integrity": "sha512-u7aTMskN6Dmg1lCT0QJ+tINRt+ntUrvVkhbPfFz4bCwRZvjItx2nJtwJnJRlKMMaQCHRjrNqHRDYvE4mBm3DlQ==",
      "cpu": [
        "arm64"
      ],
      "dev": true,
      "license": "MIT",
      "optional": true,
      "os": [
        "darwin"
      ]
    },
    "node_modules/@simonwep/pickr": {
      "version": "1.8.2",
      "resolved": "https://registry.npmjs.org/@simonwep/pickr/-/pickr-1.8.2.tgz",
      "integrity": "sha512-/l5w8BIkrpP6n1xsetx9MWPWlU6OblN5YgZZphxan0Tq4BByTCETL6lyIeY8lagalS2Nbt4F2W034KHLIiunKA==",
      "dependencies": {
        "core-js": "^3.15.1",
        "nanopop": "^2.1.0"
      }
    },
    "node_modules/@vitejs/plugin-vue": {
      "version": "4.5.2",
      "resolved": "https://registry.npmjs.org/@vitejs/plugin-vue/-/plugin-vue-4.5.2.tgz",
      "integrity": "sha512-UGR3DlzLi/SaVBPX0cnSyE37vqxU3O6chn8l0HJNzQzDia6/Au2A4xKv+iIJW8w2daf80G7TYHhi1pAUjdZ0bQ==",
      "dev": true,
      "license": "MIT",
      "engines": {
        "node": "^14.18.0 || >=16.0.0"
      },
      "peerDependencies": {
        "vite": "^4.0.0 || ^5.0.0",
        "vue": "^3.2.25"
      }
    },
    "node_modules/@vue/compiler-core": {
      "version": "3.3.11",
      "resolved": "https://registry.npmjs.org/@vue/compiler-core/-/compiler-core-3.3.11.tgz",
      "integrity": "sha512-h97/TGWBilnLuRaj58sxNrsUU66fwdRKLOLQ9N/5iNDfp+DZhYH9Obhe0bXxhedl8fjAgpRANpiZfbgWyruQ0w==",
      "license": "MIT",
      "dependencies": {
        "@babel/parser": "^7.23.5",
        "@vue/shared": "3.3.11",
        "estree-walker": "^2.0.2",
        "source-map-js": "^1.0.2"
      }
    },
    "node_modules/@vue/compiler-dom": {
      "version": "3.3.11",
      "resolved": "https://registry.npmjs.org/@vue/compiler-dom/-/compiler-dom-3.3.11.tgz",
      "integrity": "sha512-zoAiUIqSKqAJ81WhfPXYmFGwDRuO+loqLxvXmfUdR5fOitPoUiIeFI9cTTyv9MU5O1+ZZglJVTusWzy+wfk5hw==",
      "license": "MIT",
      "dependencies": {
        "@vue/compiler-core": "3.3.11",
        "@vue/shared": "3.3.11"
      }
    },
    "node_modules/@vue/compiler-sfc": {
      "version": "3.3.11",
      "resolved": "https://registry.npmjs.org/@vue/compiler-sfc/-/compiler-sfc-3.3.11.tgz",
      "integrity": "sha512-U4iqPlHO0KQeK1mrsxCN0vZzw43/lL8POxgpzcJweopmqtoYy9nljJzWDIQS3EfjiYhfdtdk9Gtgz7MRXnz3GA==",
      "license": "MIT",
      "dependencies": {
        "@babel/parser": "^7.23.5",
        "@vue/compiler-core": "3.3.11",
        "@vue/compiler-dom": "3.3.11",
        "@vue/compiler-ssr": "3.3.11",
        "@vue/reactivity-transform": "3.3.11",
        "@vue/shared": "3.3.11",
        "estree-walker": "^2.0.2",
        "magic-string": "^0.30.5",
        "postcss": "^8.4.32",
        "source-map-js": "^1.0.2"
      }
    },
    "node_modules/@vue/compiler-ssr": {
      "version": "3.3.11",
      "resolved": "https://registry.npmjs.org/@vue/compiler-ssr/-/compiler-ssr-3.3.11.tgz",
      "integrity": "sha512-Zd66ZwMvndxRTgVPdo+muV4Rv9n9DwQ4SSgWWKWkPFebHQfVYRrVjeygmmDmPewsHyznCNvJ2P2d6iOOhdv8Qg==",
      "license": "MIT",
      "dependencies": {
        "@vue/compiler-dom": "3.3.11",
        "@vue/shared": "3.3.11"
      }
    },
    "node_modules/@vue/devtools-api": {
      "version": "6.5.1",
      "resolved": "https://registry.npmjs.org/@vue/devtools-api/-/devtools-api-6.5.1.tgz",
      "integrity": "sha512-+KpckaAQyfbvshdDW5xQylLni1asvNSGme1JFs8I1+/H5pHEhqUKMEQD/qn3Nx5+/nycBq11qAEi8lk+LXI2dA==",
      "license": "MIT"
    },
    "node_modules/@vue/reactivity": {
      "version": "3.3.11",
      "resolved": "https://registry.npmjs.org/@vue/reactivity/-/reactivity-3.3.11.tgz",
      "integrity": "sha512-D5tcw091f0nuu+hXq5XANofD0OXnBmaRqMYl5B3fCR+mX+cXJIGNw/VNawBqkjLNWETrFW0i+xH9NvDbTPVh7g==",
      "license": "MIT",
      "dependencies": {
        "@vue/shared": "3.3.11"
      }
    },
    "node_modules/@vue/reactivity-transform": {
      "version": "3.3.11",
      "resolved": "https://registry.npmjs.org/@vue/reactivity-transform/-/reactivity-transform-3.3.11.tgz",
      "integrity": "sha512-fPGjH0wqJo68A0wQ1k158utDq/cRyZNlFoxGwNScE28aUFOKFEnCBsvyD8jHn+0kd0UKVpuGuaZEQ6r9FJRqCg==",
      "license": "MIT",
      "dependencies": {
        "@babel/parser": "^7.23.5",
        "@vue/compiler-core": "3.3.11",
        "@vue/shared": "3.3.11",
        "estree-walker": "^2.0.2",
        "magic-string": "^0.30.5"
      }
    },
    "node_modules/@vue/runtime-core": {
      "version": "3.3.11",
      "resolved": "https://registry.npmjs.org/@vue/runtime-core/-/runtime-core-3.3.11.tgz",
      "integrity": "sha512-g9ztHGwEbS5RyWaOpXuyIVFTschclnwhqEbdy5AwGhYOgc7m/q3NFwr50MirZwTTzX55JY8pSkeib9BX04NIpw==",
      "license": "MIT",
      "dependencies": {
        "@vue/reactivity": "3.3.11",
        "@vue/shared": "3.3.11"
      }
    },
    "node_modules/@vue/runtime-dom": {
      "version": "3.3.11",
      "resolved": "https://registry.npmjs.org/@vue/runtime-dom/-/runtime-dom-3.3.11.tgz",
      "integrity": "sha512-OlhtV1PVpbgk+I2zl+Y5rQtDNcCDs12rsRg71XwaA2/Rbllw6mBLMi57VOn8G0AjOJ4Mdb4k56V37+g8ukShpQ==",
      "license": "MIT",
      "dependencies": {
        "@vue/runtime-core": "3.3.11",
        "@vue/shared": "3.3.11",
        "csstype": "^3.1.2"
      }
    },
    "node_modules/@vue/server-renderer": {
      "version": "3.3.11",
      "resolved": "https://registry.npmjs.org/@vue/server-renderer/-/server-renderer-3.3.11.tgz",
      "integrity": "sha512-AIWk0VwwxCAm4wqtJyxBylRTXSy1wCLOKbWxHaHiu14wjsNYtiRCSgVuqEPVuDpErOlRdNnuRgipQfXRLjLN5A==",
      "license": "MIT",
      "dependencies": {
        "@vue/compiler-ssr": "3.3.11",
        "@vue/shared": "3.3.11"
      },
      "peerDependencies": {
        "vue": "3.3.11"
      }
    },
    "node_modules/@vue/shared": {
      "version": "3.3.11",
      "resolved": "https://registry.npmjs.org/@vue/shared/-/shared-3.3.11.tgz",
      "integrity": "sha512-u2G8ZQ9IhMWTMXaWqZycnK4UthG1fA238CD+DP4Dm4WJi5hdUKKLg0RMRaRpDPNMdkTwIDkp7WtD0Rd9BH9fLw==",
      "license": "MIT"
    },
    "node_modules/ant-design-vue": {
      "version": "4.0.0-rc.6",
      "resolved": "https://registry.npmjs.org/ant-design-vue/-/ant-design-vue-4.0.0-rc.6.tgz",
      "integrity": "sha512-j+GAhgC1p1+nmQVbaEeY2miZ1h+8jBLlxTESX93MwcshVaYTkZNhiyddtl92VvEDJTedzuX+1oT3TP5wG/+tHg==",
      "dependencies": {
        "@ant-design/colors": "^6.0.0",
        "@ant-design/icons-vue": "^6.1.0",
        "@babel/runtime": "^7.10.5",
        "@ctrl/tinycolor": "^3.5.0",
        "@emotion/hash": "^0.9.0",
        "@emotion/unitless": "^0.8.0",
        "@simonwep/pickr": "~1.8.0",
        "array-tree-filter": "^2.1.0",
        "async-validator": "^4.0.0",
        "csstype": "^3.1.1",
        "dayjs": "^1.10.5",
        "dom-align": "^1.12.1",
        "dom-scroll-into-view": "^2.0.0",
        "lodash": "^4.17.21",
        "lodash-es": "^4.17.15",
        "resize-observer-polyfill": "^1.5.1",
        "scroll-into-view-if-needed": "^2.2.25",
        "shallow-equal": "^1.0.0",
        "stylis": "^4.1.3",
        "throttle-debounce": "^5.0.0",
        "vue-types": "^3.0.0",
        "warning": "^4.0.0"
      },
      "engines": {
        "node": ">=12.22.0"
      },
      "funding": {
        "type": "opencollective",
        "url": "https://opencollective.com/ant-design-vue"
      },
      "peerDependencies": {
        "vue": ">=3.2.0"
      }
    },
    "node_modules/array-tree-filter": {
      "version": "2.1.0",
      "resolved": "https://registry.npmjs.org/array-tree-filter/-/array-tree-filter-2.1.0.tgz",
      "integrity": "sha512-4ROwICNlNw/Hqa9v+rk5h22KjmzB1JGTMVKP2AKJBOCgb0yL0ASf0+YvCcLNNwquOHNX48jkeZIJ3a+oOQqKcw=="
    },
    "node_modules/async-validator": {
      "version": "4.2.5",
      "resolved": "https://registry.npmjs.org/async-validator/-/async-validator-4.2.5.tgz",
      "integrity": "sha512-7HhHjtERjqlNbZtqNqy2rckN/SpOOlmDliet+lP7k+eKZEjPk3DgyeU9lIXLdeLz0uBbbVp+9Qdow9wJWgwwfg=="
    },
    "node_modules/asynckit": {
      "version": "0.4.0",
      "resolved": "https://registry.npmjs.org/asynckit/-/asynckit-0.4.0.tgz",
      "integrity": "sha512-Oei9OH4tRh0YqU3GxhX79dM/mwVgvbZJaSNaRk+bshkj0S5cfHcgYakreBjrHwatXKbz+IoIdYLxrKim2MjW0Q==",
      "license": "MIT"
    },
    "node_modules/axios": {
      "version": "1.6.2",
      "resolved": "https://registry.npmjs.org/axios/-/axios-1.6.2.tgz",
      "integrity": "sha512-7i24Ri4pmDRfJTR7LDBhsOTtcm+9kjX5WiY1X3wIisx6G9So3pfMkEiU7emUBe46oceVImccTEM3k6C5dbVW8A==",
      "license": "MIT",
      "dependencies": {
        "follow-redirects": "^1.15.0",
        "form-data": "^4.0.0",
        "proxy-from-env": "^1.1.0"
      }
    },
    "node_modules/combined-stream": {
      "version": "1.0.8",
      "resolved": "https://registry.npmjs.org/combined-stream/-/combined-stream-1.0.8.tgz",
      "integrity": "sha512-FQN4MRfuJeHf7cBbBMJFXhKSDq+2kAArBlmRBvcvFE5BB1HZKXtSFASDhdlz9zOYwxh8lDdnvmMOe/+5cdoEdg==",
      "license": "MIT",
      "dependencies": {
        "delayed-stream": "~1.0.0"
      },
      "engines": {
        "node": ">= 0.8"
      }
    },
    "node_modules/compute-scroll-into-view": {
      "version": "1.0.20",
      "resolved": "https://registry.npmjs.org/compute-scroll-into-view/-/compute-scroll-into-view-1.0.20.tgz",
      "integrity": "sha512-UCB0ioiyj8CRjtrvaceBLqqhZCVP+1B8+NWQhmdsm0VXOJtobBCf1dBQmebCCo34qZmUwZfIH2MZLqNHazrfjg=="
    },
    "node_modules/core-js": {
      "version": "3.35.0",
      "resolved": "https://registry.npmjs.org/core-js/-/core-js-3.35.0.tgz",
      "integrity": "sha512-ntakECeqg81KqMueeGJ79Q5ZgQNR+6eaE8sxGCx62zMbAIj65q+uYvatToew3m6eAGdU4gNZwpZ34NMe4GYswg==",
      "hasInstallScript": true,
      "funding": {
        "type": "opencollective",
        "url": "https://opencollective.com/core-js"
      }
    },
    "node_modules/csstype": {
      "version": "3.1.3",
      "resolved": "https://registry.npmjs.org/csstype/-/csstype-3.1.3.tgz",
      "integrity": "sha512-M1uQkMl8rQK/szD0LNhtqxIPLpimGm8sOBwU7lLnCpSbTyY3yeU1Vc7l4KT5zT4s/yOxHH5O7tIuuLOCnLADRw==",
      "license": "MIT"
    },
    "node_modules/dayjs": {
      "version": "1.11.10",
      "resolved": "https://registry.npmjs.org/dayjs/-/dayjs-1.11.10.tgz",
      "integrity": "sha512-vjAczensTgRcqDERK0SR2XMwsF/tSvnvlv6VcF2GIhg6Sx4yOIt/irsr1RDJsKiIyBzJDpCoXiWWq28MqH2cnQ=="
    },
    "node_modules/delayed-stream": {
      "version": "1.0.0",
      "resolved": "https://registry.npmjs.org/delayed-stream/-/delayed-stream-1.0.0.tgz",
      "integrity": "sha512-ZySD7Nf91aLB0RxL4KGrKHBXl7Eds1DAmEdcoVawXnLD7SDhpNgtuII2aAkg7a7QS41jxPSZ17p4VdGnMHk3MQ==",
      "license": "MIT",
      "engines": {
        "node": ">=0.4.0"
      }
    },
    "node_modules/dom-align": {
      "version": "1.12.4",
      "resolved": "https://registry.npmjs.org/dom-align/-/dom-align-1.12.4.tgz",
      "integrity": "sha512-R8LUSEay/68zE5c8/3BDxiTEvgb4xZTF0RKmAHfiEVN3klfIpXfi2/QCoiWPccVQ0J/ZGdz9OjzL4uJEP/MRAw=="
    },
    "node_modules/dom-scroll-into-view": {
      "version": "2.0.1",
      "resolved": "https://registry.npmjs.org/dom-scroll-into-view/-/dom-scroll-into-view-2.0.1.tgz",
      "integrity": "sha512-bvVTQe1lfaUr1oFzZX80ce9KLDlZ3iU+XGNE/bz9HnGdklTieqsbmsLHe+rT2XWqopvL0PckkYqN7ksmm5pe3w=="
    },
    "node_modules/entities": {
      "version": "4.5.0",
      "resolved": "https://registry.npmjs.org/entities/-/entities-4.5.0.tgz",
      "integrity": "sha512-V0hjH4dGPh9Ao5p0MoRY6BVqtwCjhz6vI5LT8AJ55H+4g9/4vbHx1I54fS0XuclLhDHArPQCiMjDxjaL8fPxhw==",
      "license": "BSD-2-Clause",
      "engines": {
        "node": ">=0.12"
      },
      "funding": {
        "url": "https://github.com/fb55/entities?sponsor=1"
      }
    },
    "node_modules/esbuild": {
      "version": "0.19.9",
      "resolved": "https://registry.npmjs.org/esbuild/-/esbuild-0.19.9.tgz",
      "integrity": "sha512-U9CHtKSy+EpPsEBa+/A2gMs/h3ylBC0H0KSqIg7tpztHerLi6nrrcoUJAkNCEPumx8yJ+Byic4BVwHgRbN0TBg==",
      "dev": true,
      "hasInstallScript": true,
      "license": "MIT",
      "bin": {
        "esbuild": "bin/esbuild"
      },
      "engines": {
        "node": ">=12"
      },
      "optionalDependencies": {
        "@esbuild/android-arm": "0.19.9",
        "@esbuild/android-arm64": "0.19.9",
        "@esbuild/android-x64": "0.19.9",
        "@esbuild/darwin-arm64": "0.19.9",
        "@esbuild/darwin-x64": "0.19.9",
        "@esbuild/freebsd-arm64": "0.19.9",
        "@esbuild/freebsd-x64": "0.19.9",
        "@esbuild/linux-arm": "0.19.9",
        "@esbuild/linux-arm64": "0.19.9",
        "@esbuild/linux-ia32": "0.19.9",
        "@esbuild/linux-loong64": "0.19.9",
        "@esbuild/linux-mips64el": "0.19.9",
        "@esbuild/linux-ppc64": "0.19.9",
        "@esbuild/linux-riscv64": "0.19.9",
        "@esbuild/linux-s390x": "0.19.9",
        "@esbuild/linux-x64": "0.19.9",
        "@esbuild/netbsd-x64": "0.19.9",
        "@esbuild/openbsd-x64": "0.19.9",
        "@esbuild/sunos-x64": "0.19.9",
        "@esbuild/win32-arm64": "0.19.9",
        "@esbuild/win32-ia32": "0.19.9",
        "@esbuild/win32-x64": "0.19.9"
      }
    },
    "node_modules/estree-walker": {
      "version": "2.0.2",
      "resolved": "https://registry.npmjs.org/estree-walker/-/estree-walker-2.0.2.tgz",
      "integrity": "sha512-Rfkk/Mp/DL7JVje3u18FxFujQlTNR2q6QfMSMB7AvCBx91NGj/ba3kCfza0f6dVDbw7YlRf/nDrn7pQrCCyQ/w==",
      "license": "MIT"
    },
    "node_modules/follow-redirects": {
      "version": "1.15.3",
      "resolved": "https://registry.npmjs.org/follow-redirects/-/follow-redirects-1.15.3.tgz",
      "integrity": "sha512-1VzOtuEM8pC9SFU1E+8KfTjZyMztRsgEfwQl44z8A25uy13jSzTj6dyK2Df52iV0vgHCfBwLhDWevLn95w5v6Q==",
      "funding": [
        {
          "type": "individual",
          "url": "https://github.com/sponsors/RubenVerborgh"
        }
      ],
      "license": "MIT",
      "engines": {
        "node": ">=4.0"
      },
      "peerDependenciesMeta": {
        "debug": {
          "optional": true
        }
      }
    },
    "node_modules/form-data": {
      "version": "4.0.0",
      "resolved": "https://registry.npmjs.org/form-data/-/form-data-4.0.0.tgz",
      "integrity": "sha512-ETEklSGi5t0QMZuiXoA/Q6vcnxcLQP5vdugSpuAyi6SVGi2clPPp+xgEhuMaHC+zGgn31Kd235W35f7Hykkaww==",
      "license": "MIT",
      "dependencies": {
        "asynckit": "^0.4.0",
        "combined-stream": "^1.0.8",
        "mime-types": "^2.1.12"
      },
      "engines": {
        "node": ">= 6"
      }
    },
    "node_modules/fsevents": {
      "version": "2.3.3",
      "resolved": "https://registry.npmjs.org/fsevents/-/fsevents-2.3.3.tgz",
      "integrity": "sha512-5xoDfX+fL7faATnagmWPpbFtwh/R77WmMMqqHGS65C3vvB0YHrgF+B1YmZ3441tMj5n63k0212XNoJwzlhffQw==",
      "dev": true,
      "license": "MIT",
      "optional": true,
      "os": [
        "darwin"
      ],
      "engines": {
        "node": "^8.16.0 || ^10.6.0 || >=11.0.0"
      }
    },
    "node_modules/is-plain-object": {
      "version": "3.0.1",
      "resolved": "https://registry.npmjs.org/is-plain-object/-/is-plain-object-3.0.1.tgz",
      "integrity": "sha512-Xnpx182SBMrr/aBik8y+GuR4U1L9FqMSojwDQwPMmxyC6bvEqly9UBCxhauBF5vNh2gwWJNX6oDV7O+OM4z34g==",
      "engines": {
        "node": ">=0.10.0"
      }
    },
    "node_modules/js-tokens": {
      "version": "4.0.0",
      "resolved": "https://registry.npmjs.org/js-tokens/-/js-tokens-4.0.0.tgz",
      "integrity": "sha512-RdJUflcE3cUzKiMqQgsCu06FPu9UdIJO0beYbPhHN4k6apgJtifcoCtT9bcxOpYBtpD2kCM6Sbzg4CausW/PKQ=="
    },
    "node_modules/lodash": {
      "version": "4.17.21",
      "resolved": "https://registry.npmjs.org/lodash/-/lodash-4.17.21.tgz",
      "integrity": "sha512-v2kDEe57lecTulaDIuNTPy3Ry4gLGJ6Z1O3vE1krgXZNrsQ+LFTGHVxVjcXPs17LhbZVGedAJv8XZ1tvj5FvSg=="
    },
    "node_modules/lodash-es": {
      "version": "4.17.21",
      "resolved": "https://registry.npmjs.org/lodash-es/-/lodash-es-4.17.21.tgz",
      "integrity": "sha512-mKnC+QJ9pWVzv+C4/U3rRsHapFfHvQFoFB92e52xeyGMcX6/OlIl78je1u8vePzYZSkkogMPJ2yjxxsb89cxyw=="
    },
    "node_modules/loose-envify": {
      "version": "1.4.0",
      "resolved": "https://registry.npmjs.org/loose-envify/-/loose-envify-1.4.0.tgz",
      "integrity": "sha512-lyuxPGr/Wfhrlem2CL/UcnUc1zcqKAImBDzukY7Y5F/yQiNdko6+fRLevlw1HgMySw7f611UIY408EtxRSoK3Q==",
      "dependencies": {
        "js-tokens": "^3.0.0 || ^4.0.0"
      },
      "bin": {
        "loose-envify": "cli.js"
      }
    },
    "node_modules/magic-string": {
      "version": "0.30.5",
      "resolved": "https://registry.npmjs.org/magic-string/-/magic-string-0.30.5.tgz",
      "integrity": "sha512-7xlpfBaQaP/T6Vh8MO/EqXSW5En6INHEvEXQiuff7Gku0PWjU3uf6w/j9o7O+SpB5fOAkrI5HeoNgwjEO0pFsA==",
      "license": "MIT",
      "dependencies": {
        "@jridgewell/sourcemap-codec": "^1.4.15"
      },
      "engines": {
        "node": ">=12"
      }
    },
    "node_modules/mime-db": {
      "version": "1.52.0",
      "resolved": "https://registry.npmjs.org/mime-db/-/mime-db-1.52.0.tgz",
      "integrity": "sha512-sPU4uV7dYlvtWJxwwxHD0PuihVNiE7TyAbQ5SWxDCB9mUYvOgroQOwYQQOKPJ8CIbE+1ETVlOoK1UC2nU3gYvg==",
      "license": "MIT",
      "engines": {
        "node": ">= 0.6"
      }
    },
    "node_modules/mime-types": {
      "version": "2.1.35",
      "resolved": "https://registry.npmjs.org/mime-types/-/mime-types-2.1.35.tgz",
      "integrity": "sha512-ZDY+bPm5zTTF+YpCrAU9nK0UgICYPT0QtT1NZWFv4s++TNkcgVaT0g6+4R2uI4MjQjzysHB1zxuWL50hzaeXiw==",
      "license": "MIT",
      "dependencies": {
        "mime-db": "1.52.0"
      },
      "engines": {
        "node": ">= 0.6"
      }
    },
    "node_modules/nanoid": {
      "version": "3.3.7",
      "resolved": "https://registry.npmjs.org/nanoid/-/nanoid-3.3.7.tgz",
      "integrity": "sha512-eSRppjcPIatRIMC1U6UngP8XFcz8MQWGQdt1MTBQ7NaAmvXDfvNxbvWV3x2y6CdEUciCSsDHDQZbhYaB8QEo2g==",
      "funding": [
        {
          "type": "github",
          "url": "https://github.com/sponsors/ai"
        }
      ],
      "license": "MIT",
      "bin": {
        "nanoid": "bin/nanoid.cjs"
      },
      "engines": {
        "node": "^10 || ^12 || ^13.7 || ^14 || >=15.0.1"
      }
    },
    "node_modules/nanopop": {
      "version": "2.3.0",
      "resolved": "https://registry.npmjs.org/nanopop/-/nanopop-2.3.0.tgz",
      "integrity": "sha512-fzN+T2K7/Ah25XU02MJkPZ5q4Tj5FpjmIYq4rvoHX4yb16HzFdCO6JxFFn5Y/oBhQ8no8fUZavnyIv9/+xkBBw=="
    },
    "node_modules/picocolors": {
      "version": "1.0.0",
      "resolved": "https://registry.npmjs.org/picocolors/-/picocolors-1.0.0.tgz",
      "integrity": "sha512-1fygroTLlHu66zi26VoTDv8yRgm0Fccecssto+MhsZ0D/DGW2sm8E8AjW7NU5VVTRt5GxbeZ5qBuJr+HyLYkjQ==",
      "license": "ISC"
    },
    "node_modules/pinia": {
      "version": "2.1.7",
      "resolved": "https://registry.npmjs.org/pinia/-/pinia-2.1.7.tgz",
      "integrity": "sha512-+C2AHFtcFqjPih0zpYuvof37SFxMQ7OEG2zV9jRI12i9BOy3YQVAHwdKtyyc8pDcDyIc33WCIsZaCFWU7WWxGQ==",
      "license": "MIT",
      "dependencies": {
        "@vue/devtools-api": "^6.5.0",
        "vue-demi": ">=0.14.5"
      },
      "funding": {
        "url": "https://github.com/sponsors/posva"
      },
      "peerDependencies": {
        "@vue/composition-api": "^1.4.0",
        "typescript": ">=4.4.4",
        "vue": "^2.6.14 || ^3.3.0"
      },
      "peerDependenciesMeta": {
        "@vue/composition-api": {
          "optional": true
        },
        "typescript": {
          "optional": true
        }
      }
    },
    "node_modules/postcss": {
      "version": "8.4.32",
      "resolved": "https://registry.npmjs.org/postcss/-/postcss-8.4.32.tgz",
      "integrity": "sha512-D/kj5JNu6oo2EIy+XL/26JEDTlIbB8hw85G8StOE6L74RQAVVP5rej6wxCNqyMbR4RkPfqvezVbPw81Ngd6Kcw==",
      "funding": [
        {
          "type": "opencollective",
          "url": "https://opencollective.com/postcss/"
        },
        {
          "type": "tidelift",
          "url": "https://tidelift.com/funding/github/npm/postcss"
        },
        {
          "type": "github",
          "url": "https://github.com/sponsors/ai"
        }
      ],
      "license": "MIT",
      "dependencies": {
        "nanoid": "^3.3.7",
        "picocolors": "^1.0.0",
        "source-map-js": "^1.0.2"
      },
      "engines": {
        "node": "^10 || ^12 || >=14"
      }
    },
    "node_modules/proxy-from-env": {
      "version": "1.1.0",
      "resolved": "https://registry.npmjs.org/proxy-from-env/-/proxy-from-env-1.1.0.tgz",
      "integrity": "sha512-D+zkORCbA9f1tdWRK0RaCR3GPv50cMxcrz4X8k5LTSUD1Dkw47mKJEZQNunItRTkWwgtaUSo1RVFRIG9ZXiFYg==",
      "license": "MIT"
    },
    "node_modules/regenerator-runtime": {
      "version": "0.14.1",
      "resolved": "https://registry.npmjs.org/regenerator-runtime/-/regenerator-runtime-0.14.1.tgz",
      "integrity": "sha512-dYnhHh0nJoMfnkZs6GmmhFknAGRrLznOu5nc9ML+EJxGvrx6H7teuevqVqCuPcPK//3eDrrjQhehXVx9cnkGdw=="
    },
    "node_modules/resize-observer-polyfill": {
      "version": "1.5.1",
      "resolved": "https://registry.npmjs.org/resize-observer-polyfill/-/resize-observer-polyfill-1.5.1.tgz",
      "integrity": "sha512-LwZrotdHOo12nQuZlHEmtuXdqGoOD0OhaxopaNFxWzInpEgaLWoVuAMbTzixuosCx2nEG58ngzW3vxdWoxIgdg=="
    },
    "node_modules/rollup": {
      "version": "4.9.0",
      "resolved": "https://registry.npmjs.org/rollup/-/rollup-4.9.0.tgz",
      "integrity": "sha512-bUHW/9N21z64gw8s6tP4c88P382Bq/L5uZDowHlHx6s/QWpjJXivIAbEw6LZthgSvlEizZBfLC4OAvWe7aoF7A==",
      "dev": true,
      "license": "MIT",
      "bin": {
        "rollup": "dist/bin/rollup"
      },
      "engines": {
        "node": ">=18.0.0",
        "npm": ">=8.0.0"
      },
      "optionalDependencies": {
        "@rollup/rollup-android-arm-eabi": "4.9.0",
        "@rollup/rollup-android-arm64": "4.9.0",
        "@rollup/rollup-darwin-arm64": "4.9.0",
        "@rollup/rollup-darwin-x64": "4.9.0",
        "@rollup/rollup-linux-arm-gnueabihf": "4.9.0",
        "@rollup/rollup-linux-arm64-gnu": "4.9.0",
        "@rollup/rollup-linux-arm64-musl": "4.9.0",
        "@rollup/rollup-linux-riscv64-gnu": "4.9.0",
        "@rollup/rollup-linux-x64-gnu": "4.9.0",
        "@rollup/rollup-linux-x64-musl": "4.9.0",
        "@rollup/rollup-win32-arm64-msvc": "4.9.0",
        "@rollup/rollup-win32-ia32-msvc": "4.9.0",
        "@rollup/rollup-win32-x64-msvc": "4.9.0",
        "fsevents": "~2.3.2"
      }
    },
    "node_modules/scroll-into-view-if-needed": {
      "version": "2.2.31",
      "resolved": "https://registry.npmjs.org/scroll-into-view-if-needed/-/scroll-into-view-if-needed-2.2.31.tgz",
      "integrity": "sha512-dGCXy99wZQivjmjIqihaBQNjryrz5rueJY7eHfTdyWEiR4ttYpsajb14rn9s5d4DY4EcY6+4+U/maARBXJedkA==",
      "dependencies": {
        "compute-scroll-into-view": "^1.0.20"
      }
    },
    "node_modules/shallow-equal": {
      "version": "1.2.1",
      "resolved": "https://registry.npmjs.org/shallow-equal/-/shallow-equal-1.2.1.tgz",
      "integrity": "sha512-S4vJDjHHMBaiZuT9NPb616CSmLf618jawtv3sufLl6ivK8WocjAo58cXwbRV1cgqxH0Qbv+iUt6m05eqEa2IRA=="
    },
    "node_modules/source-map-js": {
      "version": "1.0.2",
      "resolved": "https://registry.npmjs.org/source-map-js/-/source-map-js-1.0.2.tgz",
      "integrity": "sha512-R0XvVJ9WusLiqTCEiGCmICCMplcCkIwwR11mOSD9CR5u+IXYdiseeEuXCVAjS54zqwkLcPNnmU4OeJ6tUrWhDw==",
      "license": "BSD-3-Clause",
      "engines": {
        "node": ">=0.10.0"
      }
    },
    "node_modules/stylis": {
      "version": "4.3.1",
      "resolved": "https://registry.npmjs.org/stylis/-/stylis-4.3.1.tgz",
      "integrity": "sha512-EQepAV+wMsIaGVGX1RECzgrcqRRU/0sYOHkeLsZ3fzHaHXZy4DaOOX0vOlGQdlsjkh3mFHAIlVimpwAs4dslyQ=="
    },
    "node_modules/throttle-debounce": {
      "version": "5.0.0",
      "resolved": "https://registry.npmjs.org/throttle-debounce/-/throttle-debounce-5.0.0.tgz",
      "integrity": "sha512-2iQTSgkkc1Zyk0MeVrt/3BvuOXYPl/R8Z0U2xxo9rjwNciaHDG3R+Lm6dh4EeUci49DanvBnuqI6jshoQQRGEg==",
      "engines": {
        "node": ">=12.22"
      }
    },
    "node_modules/vite": {
      "version": "5.0.9",
      "resolved": "https://registry.npmjs.org/vite/-/vite-5.0.9.tgz",
      "integrity": "sha512-wVqMd5kp28QWGgfYPDfrj771VyHTJ4UDlCteLH7bJDGDEamaz5hV8IX6h1brSGgnnyf9lI2RnzXq/JmD0c2wwg==",
      "dev": true,
      "license": "MIT",
      "dependencies": {
        "esbuild": "^0.19.3",
        "postcss": "^8.4.32",
        "rollup": "^4.2.0"
      },
      "bin": {
        "vite": "bin/vite.js"
      },
      "engines": {
        "node": "^18.0.0 || >=20.0.0"
      },
      "funding": {
        "url": "https://github.com/vitejs/vite?sponsor=1"
      },
      "optionalDependencies": {
        "fsevents": "~2.3.3"
      },
      "peerDependencies": {
        "@types/node": "^18.0.0 || >=20.0.0",
        "less": "*",
        "lightningcss": "^1.21.0",
        "sass": "*",
        "stylus": "*",
        "sugarss": "*",
        "terser": "^5.4.0"
      },
      "peerDependenciesMeta": {
        "@types/node": {
          "optional": true
        },
        "less": {
          "optional": true
        },
        "lightningcss": {
          "optional": true
        },
        "sass": {
          "optional": true
        },
        "stylus": {
          "optional": true
        },
        "sugarss": {
          "optional": true
        },
        "terser": {
          "optional": true
        }
      }
    },
    "node_modules/vue": {
      "version": "3.3.11",
      "resolved": "https://registry.npmjs.org/vue/-/vue-3.3.11.tgz",
      "integrity": "sha512-d4oBctG92CRO1cQfVBZp6WJAs0n8AK4Xf5fNjQCBeKCvMI1efGQ5E3Alt1slFJS9fZuPcFoiAiqFvQlv1X7t/w==",
      "license": "MIT",
      "dependencies": {
        "@vue/compiler-dom": "3.3.11",
        "@vue/compiler-sfc": "3.3.11",
        "@vue/runtime-dom": "3.3.11",
        "@vue/server-renderer": "3.3.11",
        "@vue/shared": "3.3.11"
      },
      "peerDependencies": {
        "typescript": "*"
      },
      "peerDependenciesMeta": {
        "typescript": {
          "optional": true
        }
      }
    },
    "node_modules/vue-demi": {
      "version": "0.14.6",
      "resolved": "https://registry.npmjs.org/vue-demi/-/vue-demi-0.14.6.tgz",
      "integrity": "sha512-8QA7wrYSHKaYgUxDA5ZC24w+eHm3sYCbp0EzcDwKqN3p6HqtTCGR/GVsPyZW92unff4UlcSh++lmqDWN3ZIq4w==",
      "hasInstallScript": true,
      "license": "MIT",
      "bin": {
        "vue-demi-fix": "bin/vue-demi-fix.js",
        "vue-demi-switch": "bin/vue-demi-switch.js"
      },
      "engines": {
        "node": ">=12"
      },
      "funding": {
        "url": "https://github.com/sponsors/antfu"
      },
      "peerDependencies": {
        "@vue/composition-api": "^1.0.0-rc.1",
        "vue": "^3.0.0-0 || ^2.6.0"
      },
      "peerDependenciesMeta": {
        "@vue/composition-api": {
          "optional": true
        }
      }
    },
    "node_modules/vue-router": {
      "version": "4.2.5",
      "resolved": "https://registry.npmjs.org/vue-router/-/vue-router-4.2.5.tgz",
      "integrity": "sha512-DIUpKcyg4+PTQKfFPX88UWhlagBEBEfJ5A8XDXRJLUnZOvcpMF8o/dnL90vpVkGaPbjvXazV/rC1qBKrZlFugw==",
      "license": "MIT",
      "dependencies": {
        "@vue/devtools-api": "^6.5.0"
      },
      "funding": {
        "url": "https://github.com/sponsors/posva"
      },
      "peerDependencies": {
        "vue": "^3.2.0"
      }
    },
    "node_modules/vue-types": {
      "version": "3.0.2",
      "resolved": "https://registry.npmjs.org/vue-types/-/vue-types-3.0.2.tgz",
      "integrity": "sha512-IwUC0Aq2zwaXqy74h4WCvFCUtoV0iSWr0snWnE9TnU18S66GAQyqQbRf2qfJtUuiFsBf6qp0MEwdonlwznlcrw==",
      "dependencies": {
        "is-plain-object": "3.0.1"
      },
      "engines": {
        "node": ">=10.15.0"
      },
      "peerDependencies": {
        "vue": "^3.0.0"
      }
    },
    "node_modules/warning": {
      "version": "4.0.3",
      "resolved": "https://registry.npmjs.org/warning/-/warning-4.0.3.tgz",
      "integrity": "sha512-rpJyN222KWIvHJ/F53XSZv0Zl/accqHR8et1kpaMTD/fLCRxtV8iX8czMzY7sVZupTI3zcUTg8eycS2kNF9l6w==",
      "dependencies": {
        "loose-envify": "^1.0.0"
      }
    }
  }
}
