# THIS IS AN AUTOGENERATED FILE. DO NOT EDIT THIS FILE DIRECTLY.
# yarn lockfile v1


"@babel/parser@^7.23.5", "@babel/parser@^7.23.6":
  version "7.23.6"
  resolved "https://registry.yarnpkg.com/@babel/parser/-/parser-7.23.6.tgz#ba1c9e512bda72a47e285ae42aff9d2a635a9e3b"
  integrity sha512-Z2uID7YJ7oNvAI20O9X0bblw7Qqs8Q2hFy0R9tAfnfLkp5MW0UH9eUvnDSnFwKZ0AvgS1ucqR4KzvVHgnke1VQ==

"@esbuild/android-arm64@0.19.9":
  version "0.19.9"
  resolved "https://registry.yarnpkg.com/@esbuild/android-arm64/-/android-arm64-0.19.9.tgz#683794bdc3d27222d3eced7b74cad15979548031"
  integrity sha512-q4cR+6ZD0938R19MyEW3jEsMzbb/1rulLXiNAJQADD/XYp7pT+rOS5JGxvpRW8dFDEfjW4wLgC/3FXIw4zYglQ==

"@esbuild/android-arm@0.19.9":
  version "0.19.9"
  resolved "https://registry.yarnpkg.com/@esbuild/android-arm/-/android-arm-0.19.9.tgz#21a4de41f07b2af47401c601d64dfdefd056c595"
  integrity sha512-jkYjjq7SdsWuNI6b5quymW0oC83NN5FdRPuCbs9HZ02mfVdAP8B8eeqLSYU3gb6OJEaY5CQabtTFbqBf26H3GA==

"@esbuild/android-x64@0.19.9":
  version "0.19.9"
  resolved "https://registry.yarnpkg.com/@esbuild/android-x64/-/android-x64-0.19.9.tgz#e2d7674bc025ddc8699f0cc76cb97823bb63c252"
  integrity sha512-KOqoPntWAH6ZxDwx1D6mRntIgZh9KodzgNOy5Ebt9ghzffOk9X2c1sPwtM9P+0eXbefnDhqYfkh5PLP5ULtWFA==

"@esbuild/darwin-arm64@0.19.9":
  version "0.19.9"
  resolved "https://registry.yarnpkg.com/@esbuild/darwin-arm64/-/darwin-arm64-0.19.9.tgz#ae7a582289cc5c0bac15d4b9020a90cb7288f1e9"
  integrity sha512-KBJ9S0AFyLVx2E5D8W0vExqRW01WqRtczUZ8NRu+Pi+87opZn5tL4Y0xT0mA4FtHctd0ZgwNoN639fUUGlNIWw==

"@esbuild/darwin-x64@0.19.9":
  version "0.19.9"
  resolved "https://registry.yarnpkg.com/@esbuild/darwin-x64/-/darwin-x64-0.19.9.tgz#8a216c66dcf51addeeb843d8cfaeff712821d12b"
  integrity sha512-vE0VotmNTQaTdX0Q9dOHmMTao6ObjyPm58CHZr1UK7qpNleQyxlFlNCaHsHx6Uqv86VgPmR4o2wdNq3dP1qyDQ==

"@esbuild/freebsd-arm64@0.19.9":
  version "0.19.9"
  resolved "https://registry.yarnpkg.com/@esbuild/freebsd-arm64/-/freebsd-arm64-0.19.9.tgz#63d4f603e421252c3cd836b18d01545be7c6c440"
  integrity sha512-uFQyd/o1IjiEk3rUHSwUKkqZwqdvuD8GevWF065eqgYfexcVkxh+IJgwTaGZVu59XczZGcN/YMh9uF1fWD8j1g==

"@esbuild/freebsd-x64@0.19.9":
  version "0.19.9"
  resolved "https://registry.yarnpkg.com/@esbuild/freebsd-x64/-/freebsd-x64-0.19.9.tgz#a3db52595be65360eae4de1d1fa3c1afd942e1e4"
  integrity sha512-WMLgWAtkdTbTu1AWacY7uoj/YtHthgqrqhf1OaEWnZb7PQgpt8eaA/F3LkV0E6K/Lc0cUr/uaVP/49iE4M4asA==

"@esbuild/linux-arm64@0.19.9":
  version "0.19.9"
  resolved "https://registry.yarnpkg.com/@esbuild/linux-arm64/-/linux-arm64-0.19.9.tgz#4ae5811ce9f8d7df5eb9edd9765ea9401a534f13"
  integrity sha512-PiPblfe1BjK7WDAKR1Cr9O7VVPqVNpwFcPWgfn4xu0eMemzRp442hXyzF/fSwgrufI66FpHOEJk0yYdPInsmyQ==

"@esbuild/linux-arm@0.19.9":
  version "0.19.9"
  resolved "https://registry.yarnpkg.com/@esbuild/linux-arm/-/linux-arm-0.19.9.tgz#9807e92cfd335f46326394805ad488e646e506f2"
  integrity sha512-C/ChPohUYoyUaqn1h17m/6yt6OB14hbXvT8EgM1ZWaiiTYz7nWZR0SYmMnB5BzQA4GXl3BgBO1l8MYqL/He3qw==

"@esbuild/linux-ia32@0.19.9":
  version "0.19.9"
  resolved "https://registry.yarnpkg.com/@esbuild/linux-ia32/-/linux-ia32-0.19.9.tgz#18892c10f3106652b16f9da88a0362dc95ed46c7"
  integrity sha512-f37i/0zE0MjDxijkPSQw1CO/7C27Eojqb+r3BbHVxMLkj8GCa78TrBZzvPyA/FNLUMzP3eyHCVkAopkKVja+6Q==

"@esbuild/linux-loong64@0.19.9":
  version "0.19.9"
  resolved "https://registry.yarnpkg.com/@esbuild/linux-loong64/-/linux-loong64-0.19.9.tgz#dc2ebf9a125db0a1bba18c2bbfd4fbdcbcaf61c2"
  integrity sha512-t6mN147pUIf3t6wUt3FeumoOTPfmv9Cc6DQlsVBpB7eCpLOqQDyWBP1ymXn1lDw4fNUSb/gBcKAmvTP49oIkaA==

"@esbuild/linux-mips64el@0.19.9":
  version "0.19.9"
  resolved "https://registry.yarnpkg.com/@esbuild/linux-mips64el/-/linux-mips64el-0.19.9.tgz#4c2f7c5d901015e3faf1563c4a89a50776cb07fd"
  integrity sha512-jg9fujJTNTQBuDXdmAg1eeJUL4Jds7BklOTkkH80ZgQIoCTdQrDaHYgbFZyeTq8zbY+axgptncko3v9p5hLZtw==

"@esbuild/linux-ppc64@0.19.9":
  version "0.19.9"
  resolved "https://registry.yarnpkg.com/@esbuild/linux-ppc64/-/linux-ppc64-0.19.9.tgz#8385332713b4e7812869622163784a5633f76fc4"
  integrity sha512-tkV0xUX0pUUgY4ha7z5BbDS85uI7ABw3V1d0RNTii7E9lbmV8Z37Pup2tsLV46SQWzjOeyDi1Q7Wx2+QM8WaCQ==

"@esbuild/linux-riscv64@0.19.9":
  version "0.19.9"
  resolved "https://registry.yarnpkg.com/@esbuild/linux-riscv64/-/linux-riscv64-0.19.9.tgz#23f1db24fa761be311874f32036c06249aa20cba"
  integrity sha512-DfLp8dj91cufgPZDXr9p3FoR++m3ZJ6uIXsXrIvJdOjXVREtXuQCjfMfvmc3LScAVmLjcfloyVtpn43D56JFHg==

"@esbuild/linux-s390x@0.19.9":
  version "0.19.9"
  resolved "https://registry.yarnpkg.com/@esbuild/linux-s390x/-/linux-s390x-0.19.9.tgz#2dffe497726b897c9f0109e774006e25b33b4fd0"
  integrity sha512-zHbglfEdC88KMgCWpOl/zc6dDYJvWGLiUtmPRsr1OgCViu3z5GncvNVdf+6/56O2Ca8jUU+t1BW261V6kp8qdw==

"@esbuild/linux-x64@0.19.9":
  version "0.19.9"
  resolved "https://registry.yarnpkg.com/@esbuild/linux-x64/-/linux-x64-0.19.9.tgz#ceb1d62cd830724ff5b218e5d3172a8bad59420e"
  integrity sha512-JUjpystGFFmNrEHQnIVG8hKwvA2DN5o7RqiO1CVX8EN/F/gkCjkUMgVn6hzScpwnJtl2mPR6I9XV1oW8k9O+0A==

"@esbuild/netbsd-x64@0.19.9":
  version "0.19.9"
  resolved "https://registry.yarnpkg.com/@esbuild/netbsd-x64/-/netbsd-x64-0.19.9.tgz#0cbca65e9ef4d3fc41502d3e055e6f49479a8f18"
  integrity sha512-GThgZPAwOBOsheA2RUlW5UeroRfESwMq/guy8uEe3wJlAOjpOXuSevLRd70NZ37ZrpO6RHGHgEHvPg1h3S1Jug==

"@esbuild/openbsd-x64@0.19.9":
  version "0.19.9"
  resolved "https://registry.yarnpkg.com/@esbuild/openbsd-x64/-/openbsd-x64-0.19.9.tgz#1f57adfbee09c743292c6758a3642e875bcad1cf"
  integrity sha512-Ki6PlzppaFVbLnD8PtlVQfsYw4S9n3eQl87cqgeIw+O3sRr9IghpfSKY62mggdt1yCSZ8QWvTZ9jo9fjDSg9uw==

"@esbuild/sunos-x64@0.19.9":
  version "0.19.9"
  resolved "https://registry.yarnpkg.com/@esbuild/sunos-x64/-/sunos-x64-0.19.9.tgz#116be6adbd2c7479edeeb5f6ea0441002ab4cb9c"
  integrity sha512-MLHj7k9hWh4y1ddkBpvRj2b9NCBhfgBt3VpWbHQnXRedVun/hC7sIyTGDGTfsGuXo4ebik2+3ShjcPbhtFwWDw==

"@esbuild/win32-arm64@0.19.9":
  version "0.19.9"
  resolved "https://registry.yarnpkg.com/@esbuild/win32-arm64/-/win32-arm64-0.19.9.tgz#2be22131ab18af4693fd737b161d1ef34de8ca9d"
  integrity sha512-GQoa6OrQ8G08guMFgeXPH7yE/8Dt0IfOGWJSfSH4uafwdC7rWwrfE6P9N8AtPGIjUzdo2+7bN8Xo3qC578olhg==

"@esbuild/win32-ia32@0.19.9":
  version "0.19.9"
  resolved "https://registry.yarnpkg.com/@esbuild/win32-ia32/-/win32-ia32-0.19.9.tgz#e10ead5a55789b167b4225d2469324538768af7c"
  integrity sha512-UOozV7Ntykvr5tSOlGCrqU3NBr3d8JqPes0QWN2WOXfvkWVGRajC+Ym0/Wj88fUgecUCLDdJPDF0Nna2UK3Qtg==

"@esbuild/win32-x64@0.19.9":
  version "0.19.9"
  resolved "https://registry.yarnpkg.com/@esbuild/win32-x64/-/win32-x64-0.19.9.tgz#b2da6219b603e3fa371a78f53f5361260d0c5585"
  integrity sha512-oxoQgglOP7RH6iasDrhY+R/3cHrfwIDvRlT4CGChflq6twk8iENeVvMJjmvBb94Ik1Z+93iGO27err7w6l54GQ==

"@formkit/core@1.4.0":
  version "1.4.0"
  resolved "https://registry.yarnpkg.com/@formkit/core/-/core-1.4.0.tgz#26c31fe1668aa9efc1535cdf68e266a264e50d36"
  integrity sha512-LQYICzYWTC+ZXPyfizHDRJTBx6WLM3eRk9T4tzU8YPV58AYWPq3E4dbN5CKl7mPApAcJX6NxQOCYuNrdNKZvQA==
  dependencies:
    "@formkit/utils" "1.4.0"

"@formkit/dev@1.4.0":
  version "1.4.0"
  resolved "https://registry.yarnpkg.com/@formkit/dev/-/dev-1.4.0.tgz#cfdb67256ba3841977ab1150f0db216a2781f989"
  integrity sha512-y71zSZGAWdqjuj5p7IvptJXgDXYFTZrJSjZ9HeQjNYJ1n3Nwc7latTzJSEQyOHuboSzRWafATYNeB3pqiTvBYg==
  dependencies:
    "@formkit/core" "1.4.0"
    "@formkit/utils" "1.4.0"

"@formkit/i18n@1.4.0":
  version "1.4.0"
  resolved "https://registry.yarnpkg.com/@formkit/i18n/-/i18n-1.4.0.tgz#ad1de2f7b60948a42ee5335301321639a4f2a6e3"
  integrity sha512-NRqw3ummnboUVkxN68jdy/T/mvgnf0/8v76160V3dTdt4OK9Q1Eq0a7pgonm0gBqisezX/0pELRWD0NPgUZSPw==
  dependencies:
    "@formkit/core" "1.4.0"
    "@formkit/utils" "1.4.0"
    "@formkit/validation" "1.4.0"

"@formkit/inputs@1.4.0":
  version "1.4.0"
  resolved "https://registry.yarnpkg.com/@formkit/inputs/-/inputs-1.4.0.tgz#12fd0fb2931d010665d97cedd4e9e7bfaf72d3ae"
  integrity sha512-6IvgjOZnvtYq2oSEXkarDCaabxl4o29FhFmD64d0lC8WTaVLcRPKgo9BsLaVvLYfJgVKDzFyPIMGLFNhTsiJ/Q==
  dependencies:
    "@formkit/core" "1.4.0"
    "@formkit/utils" "1.4.0"

"@formkit/observer@1.4.0":
  version "1.4.0"
  resolved "https://registry.yarnpkg.com/@formkit/observer/-/observer-1.4.0.tgz#5668b5775575b974e232c1b467149b3f2f9ffbbc"
  integrity sha512-sNjLqi+deN2TCnuRDWdOJ1OjTyxavFKg9pVK1E1KRrbQr0pvPDaS4qYIjrIIWg0YMsQiea487r03elLVesMWWw==
  dependencies:
    "@formkit/core" "1.4.0"
    "@formkit/utils" "1.4.0"

"@formkit/rules@1.4.0":
  version "1.4.0"
  resolved "https://registry.yarnpkg.com/@formkit/rules/-/rules-1.4.0.tgz#a9f656aae5a1272d58560167c6663fc6508ebfa2"
  integrity sha512-NEVDjN89Zwx26Ze0gwqd/Bml3d4QIzp3SDps3uND9IE1Ssd3yvvSSjF5jVeHLE7ZMDLUDfOepf5xyqhPE1UbqA==
  dependencies:
    "@formkit/core" "1.4.0"
    "@formkit/utils" "1.4.0"
    "@formkit/validation" "1.4.0"

"@formkit/themes@1.4.0", "@formkit/themes@^1.4.0":
  version "1.4.0"
  resolved "https://registry.yarnpkg.com/@formkit/themes/-/themes-1.4.0.tgz#3f0f6f43db4b17fb4cb8ee8c640830b6fce685ef"
  integrity sha512-isyHZALh6S3BM+0G5NeRQkI12gydDRXEkI6oGt5uTn3Ju2olLt8RwOXNYgJ9lWSb8HrfuHh7/89SozdIRNVuCA==
  dependencies:
    "@formkit/core" "1.4.0"

"@formkit/utils@1.4.0":
  version "1.4.0"
  resolved "https://registry.yarnpkg.com/@formkit/utils/-/utils-1.4.0.tgz#ad6b59238e765eeea886266ed485f38ad903a7f6"
  integrity sha512-HAkULL7/0PnRZmMJyFHZ3wxxTYl+tuJrSk13/LQyxB77luwlq8sCvlGaF5cz+0JX70HSVVc0ZJjJT4o0uTVeYQ==

"@formkit/validation@1.4.0":
  version "1.4.0"
  resolved "https://registry.yarnpkg.com/@formkit/validation/-/validation-1.4.0.tgz#ddde2194ee9aa5b9bce168805beecb7f52afdc35"
  integrity sha512-KF25aU5ouwg+dFryyDGPTEFgik2TzbiT824PkIQJn7Fgepplo3Dj/UvjHmM2u0hBvIE2CS6XtgE0XVhn1kRG+A==
  dependencies:
    "@formkit/core" "1.4.0"
    "@formkit/observer" "1.4.0"
    "@formkit/utils" "1.4.0"

"@formkit/vue@^1.4.0":
  version "1.4.0"
  resolved "https://registry.yarnpkg.com/@formkit/vue/-/vue-1.4.0.tgz#255765639e2b853a618b0e062d2170920ba03aa7"
  integrity sha512-qxLJLG/rc0Mv75h9aaBu1SIFo8AZq1mMCa+u4aWQdXf0k/e8Mfuyhkch25c9pfbzSjEpFzs7G7L5U1gMuTcmtQ==
  dependencies:
    "@formkit/core" "1.4.0"
    "@formkit/dev" "1.4.0"
    "@formkit/i18n" "1.4.0"
    "@formkit/inputs" "1.4.0"
    "@formkit/observer" "1.4.0"
    "@formkit/rules" "1.4.0"
    "@formkit/themes" "1.4.0"
    "@formkit/utils" "1.4.0"
    "@formkit/validation" "1.4.0"
    vue "^3.3.4"

"@jridgewell/sourcemap-codec@^1.4.15":
  version "1.4.15"
  resolved "https://registry.yarnpkg.com/@jridgewell/sourcemap-codec/-/sourcemap-codec-1.4.15.tgz#d7c6e6755c78567a951e04ab52ef0fd26de59f32"
  integrity sha512-eF2rxCRulEKXHTRiDrDy6erMYWqNw4LPdQ8UQA4huuxaQsVeRPFl2oM8oDGxMFhJUWZf9McpLtJasDDZb/Bpeg==

"@rollup/rollup-android-arm-eabi@4.9.0":
  version "4.9.0"
  resolved "https://registry.yarnpkg.com/@rollup/rollup-android-arm-eabi/-/rollup-android-arm-eabi-4.9.0.tgz#0437b27edd7095d0b6d5db99d13af8157d7c58b0"
  integrity sha512-+1ge/xmaJpm1KVBuIH38Z94zj9fBD+hp+/5WLaHgyY8XLq1ibxk/zj6dTXaqM2cAbYKq8jYlhHd6k05If1W5xA==

"@rollup/rollup-android-arm64@4.9.0":
  version "4.9.0"
  resolved "https://registry.yarnpkg.com/@rollup/rollup-android-arm64/-/rollup-android-arm64-4.9.0.tgz#d4c14ef9e45d5c46b8d1f611ab8124a611d5be5b"
  integrity sha512-im6hUEyQ7ZfoZdNvtwgEJvBWZYauC9KVKq1w58LG2Zfz6zMd8gRrbN+xCVoqA2hv/v6fm9lp5LFGJ3za8EQH3A==

"@rollup/rollup-darwin-arm64@4.9.0":
  version "4.9.0"
  resolved "https://registry.yarnpkg.com/@rollup/rollup-darwin-arm64/-/rollup-darwin-arm64-4.9.0.tgz#6f3fdf5712db6b5e3d8f62a86a09cd659dd871f9"
  integrity sha512-u7aTMskN6Dmg1lCT0QJ+tINRt+ntUrvVkhbPfFz4bCwRZvjItx2nJtwJnJRlKMMaQCHRjrNqHRDYvE4mBm3DlQ==

"@rollup/rollup-darwin-x64@4.9.0":
  version "4.9.0"
  resolved "https://registry.yarnpkg.com/@rollup/rollup-darwin-x64/-/rollup-darwin-x64-4.9.0.tgz#626d7786fe7c10b2e8533ad981b4a791fd72b9d0"
  integrity sha512-8FvEl3w2ExmpcOmX5RJD0yqXcVSOqAJJUJ29Lca29Ik+3zPS1yFimr2fr5JSZ4Z5gt8/d7WqycpgkX9nocijSw==

"@rollup/rollup-linux-arm-gnueabihf@4.9.0":
  version "4.9.0"
  resolved "https://registry.yarnpkg.com/@rollup/rollup-linux-arm-gnueabihf/-/rollup-linux-arm-gnueabihf-4.9.0.tgz#57ece7bb1b7659a3ea2ace580a63b8f92b3161f1"
  integrity sha512-lHoKYaRwd4gge+IpqJHCY+8Vc3hhdJfU6ukFnnrJasEBUvVlydP8PuwndbWfGkdgSvZhHfSEw6urrlBj0TSSfg==

"@rollup/rollup-linux-arm64-gnu@4.9.0":
  version "4.9.0"
  resolved "https://registry.yarnpkg.com/@rollup/rollup-linux-arm64-gnu/-/rollup-linux-arm64-gnu-4.9.0.tgz#345b276b814a5377344adc5780c4dfb7cd0e8ba9"
  integrity sha512-JbEPfhndYeWHfOSeh4DOFvNXrj7ls9S/2omijVsao+LBPTPayT1uKcK3dHW3MwDJ7KO11t9m2cVTqXnTKpeaiw==

"@rollup/rollup-linux-arm64-musl@4.9.0":
  version "4.9.0"
  resolved "https://registry.yarnpkg.com/@rollup/rollup-linux-arm64-musl/-/rollup-linux-arm64-musl-4.9.0.tgz#61cc6516e6e92e2205ea1d0ac30326379b0563c8"
  integrity sha512-ahqcSXLlcV2XUBM3/f/C6cRoh7NxYA/W7Yzuv4bDU1YscTFw7ay4LmD7l6OS8EMhTNvcrWGkEettL1Bhjf+B+w==

"@rollup/rollup-linux-riscv64-gnu@4.9.0":
  version "4.9.0"
  resolved "https://registry.yarnpkg.com/@rollup/rollup-linux-riscv64-gnu/-/rollup-linux-riscv64-gnu-4.9.0.tgz#e9add70ddca7bd6f685ec447ae83eb3be552f211"
  integrity sha512-uwvOYNtLw8gVtrExKhdFsYHA/kotURUmZYlinH2VcQxNCQJeJXnkmWgw2hI9Xgzhgu7J9QvWiq9TtTVwWMDa+w==

"@rollup/rollup-linux-x64-gnu@4.9.0":
  version "4.9.0"
  resolved "https://registry.yarnpkg.com/@rollup/rollup-linux-x64-gnu/-/rollup-linux-x64-gnu-4.9.0.tgz#ece153613f0cf2c864dbfc2076c579da8abd51a9"
  integrity sha512-m6pkSwcZZD2LCFHZX/zW2aLIISyzWLU3hrLLzQKMI12+OLEzgruTovAxY5sCZJkipklaZqPy/2bEEBNjp+Y7xg==

"@rollup/rollup-linux-x64-musl@4.9.0":
  version "4.9.0"
  resolved "https://registry.yarnpkg.com/@rollup/rollup-linux-x64-musl/-/rollup-linux-x64-musl-4.9.0.tgz#2d2dbdf5fbf2c19d1f3d31b8a7850b57f5799037"
  integrity sha512-VFAC1RDRSbU3iOF98X42KaVicAfKf0m0OvIu8dbnqhTe26Kh6Ym9JrDulz7Hbk7/9zGc41JkV02g+p3BivOdAg==

"@rollup/rollup-win32-arm64-msvc@4.9.0":
  version "4.9.0"
  resolved "https://registry.yarnpkg.com/@rollup/rollup-win32-arm64-msvc/-/rollup-win32-arm64-msvc-4.9.0.tgz#bf2dbad350376e46cb77fab408bb398ad5f3648d"
  integrity sha512-9jPgMvTKXARz4inw6jezMLA2ihDBvgIU9Ml01hjdVpOcMKyxFBJrn83KVQINnbeqDv0+HdO1c09hgZ8N0s820Q==

"@rollup/rollup-win32-ia32-msvc@4.9.0":
  version "4.9.0"
  resolved "https://registry.yarnpkg.com/@rollup/rollup-win32-ia32-msvc/-/rollup-win32-ia32-msvc-4.9.0.tgz#5c26b07f74f4054f3ecf202550100496ed2e73f3"
  integrity sha512-WE4pT2kTXQN2bAv40Uog0AsV7/s9nT9HBWXAou8+++MBCnY51QS02KYtm6dQxxosKi1VIz/wZIrTQO5UP2EW+Q==

"@rollup/rollup-win32-x64-msvc@4.9.0":
  version "4.9.0"
  resolved "https://registry.yarnpkg.com/@rollup/rollup-win32-x64-msvc/-/rollup-win32-x64-msvc-4.9.0.tgz#4ea610e0c40a07a8afa2977cbf80507f41c2271c"
  integrity sha512-aPP5Q5AqNGuT0tnuEkK/g4mnt3ZhheiXrDIiSVIHN9mcN21OyXDVbEMqmXPE7e2OplNLDkcvV+ZoGJa2ZImFgw==

"@vitejs/plugin-vue@^4.5.1":
  version "4.5.2"
  resolved "https://registry.yarnpkg.com/@vitejs/plugin-vue/-/plugin-vue-4.5.2.tgz#1212d81bc83680e14448fefe55abd9fe1ed49ed1"
  integrity sha512-UGR3DlzLi/SaVBPX0cnSyE37vqxU3O6chn8l0HJNzQzDia6/Au2A4xKv+iIJW8w2daf80G7TYHhi1pAUjdZ0bQ==

"@vue/compiler-core@3.3.11":
  version "3.3.11"
  resolved "https://registry.yarnpkg.com/@vue/compiler-core/-/compiler-core-3.3.11.tgz#9fa26f8c81b9b34365f94ce1ed4d0e6e6f94a2ac"
  integrity sha512-h97/TGWBilnLuRaj58sxNrsUU66fwdRKLOLQ9N/5iNDfp+DZhYH9Obhe0bXxhedl8fjAgpRANpiZfbgWyruQ0w==
  dependencies:
    "@babel/parser" "^7.23.5"
    "@vue/shared" "3.3.11"
    estree-walker "^2.0.2"
    source-map-js "^1.0.2"

"@vue/compiler-core@3.4.0":
  version "3.4.0"
  resolved "https://registry.yarnpkg.com/@vue/compiler-core/-/compiler-core-3.4.0.tgz#2a35bc4b70afb5504ff62f916e22f9080d8149b6"
  integrity sha512-cw4S15PkNGTKkP9OFFl4wnQoJJk+HqaYBafgrpDnSukiQGpcYJeRpzmqnCVCIkl6V6Eqsv58E0OAdl6b592vuA==
  dependencies:
    "@babel/parser" "^7.23.6"
    "@vue/shared" "3.4.0"
    entities "^4.5.0"
    estree-walker "^2.0.2"
    source-map-js "^1.0.2"

"@vue/compiler-dom@3.3.11":
  version "3.3.11"
  resolved "https://registry.yarnpkg.com/@vue/compiler-dom/-/compiler-dom-3.3.11.tgz#36a76ea3a296d41bad133a6912cb0a847d969e4f"
  integrity sha512-zoAiUIqSKqAJ81WhfPXYmFGwDRuO+loqLxvXmfUdR5fOitPoUiIeFI9cTTyv9MU5O1+ZZglJVTusWzy+wfk5hw==
  dependencies:
    "@vue/compiler-core" "3.3.11"
    "@vue/shared" "3.3.11"

"@vue/compiler-dom@3.4.0":
  version "3.4.0"
  resolved "https://registry.yarnpkg.com/@vue/compiler-dom/-/compiler-dom-3.4.0.tgz#25d4c1e24a2e37c4136cdc593cd533d371bc573b"
  integrity sha512-E957uOhpoE48YjZGWeAoLmNYd3UeU4oIP8kJi8Rcsb9l2tV8Z48Jn07Zgq1aW0v3vuhlmydEKkKKbhLpADHXEA==
  dependencies:
    "@vue/compiler-core" "3.4.0"
    "@vue/shared" "3.4.0"

"@vue/compiler-sfc@3.3.11":
  version "3.3.11"
  resolved "https://registry.yarnpkg.com/@vue/compiler-sfc/-/compiler-sfc-3.3.11.tgz#acfae240c875d067e0e2c9a4e2d910074408c73b"
  integrity sha512-U4iqPlHO0KQeK1mrsxCN0vZzw43/lL8POxgpzcJweopmqtoYy9nljJzWDIQS3EfjiYhfdtdk9Gtgz7MRXnz3GA==
  dependencies:
    "@babel/parser" "^7.23.5"
    "@vue/compiler-core" "3.3.11"
    "@vue/compiler-dom" "3.3.11"
    "@vue/compiler-ssr" "3.3.11"
    "@vue/reactivity-transform" "3.3.11"
    "@vue/shared" "3.3.11"
    estree-walker "^2.0.2"
    magic-string "^0.30.5"
    postcss "^8.4.32"
    source-map-js "^1.0.2"

"@vue/compiler-sfc@3.4.0":
  version "3.4.0"
  resolved "https://registry.yarnpkg.com/@vue/compiler-sfc/-/compiler-sfc-3.4.0.tgz#dab7b87a9a09e3860a4b5c9baf6b7d3ab8af0c0f"
  integrity sha512-PWE0mE2yW7bJS7PmaCrVDEG6KPaDJo0pb4AKnCxJ5lRRDO4IwL/fswBGhCpov+v/c+N/e+hQHpXNwvqU9BtUXg==
  dependencies:
    "@babel/parser" "^7.23.6"
    "@vue/compiler-core" "3.4.0"
    "@vue/compiler-dom" "3.4.0"
    "@vue/compiler-ssr" "3.4.0"
    "@vue/shared" "3.4.0"
    estree-walker "^2.0.2"
    magic-string "^0.30.5"
    postcss "^8.4.32"
    source-map-js "^1.0.2"

"@vue/compiler-ssr@3.3.11":
  version "3.3.11"
  resolved "https://registry.yarnpkg.com/@vue/compiler-ssr/-/compiler-ssr-3.3.11.tgz#598942a73b64f2bd3f95908b104a7fbb55fc41a2"
  integrity sha512-Zd66ZwMvndxRTgVPdo+muV4Rv9n9DwQ4SSgWWKWkPFebHQfVYRrVjeygmmDmPewsHyznCNvJ2P2d6iOOhdv8Qg==
  dependencies:
    "@vue/compiler-dom" "3.3.11"
    "@vue/shared" "3.3.11"

"@vue/compiler-ssr@3.4.0":
  version "3.4.0"
  resolved "https://registry.yarnpkg.com/@vue/compiler-ssr/-/compiler-ssr-3.4.0.tgz#0e437c6e619ce4ec515d2d77a0a9e67e877cc2cd"
  integrity sha512-+oXKy105g9DIYQKDi3Gwung0xqQX5gJHr0GR+Vf7yK/WkNDM6q61ummcKmKAB85EIst8y3vj2PA9z9YU5Oc4DQ==
  dependencies:
    "@vue/compiler-dom" "3.4.0"
    "@vue/shared" "3.4.0"

"@vue/devtools-api@^6.5.0":
  version "6.5.1"
  resolved "https://registry.yarnpkg.com/@vue/devtools-api/-/devtools-api-6.5.1.tgz#7f71f31e40973eeee65b9a64382b13593fdbd697"
  integrity sha512-+KpckaAQyfbvshdDW5xQylLni1asvNSGme1JFs8I1+/H5pHEhqUKMEQD/qn3Nx5+/nycBq11qAEi8lk+LXI2dA==

"@vue/reactivity-transform@3.3.11":
  version "3.3.11"
  resolved "https://registry.yarnpkg.com/@vue/reactivity-transform/-/reactivity-transform-3.3.11.tgz#2bd486f4eff60c8724309925618891e722fcfadc"
  integrity sha512-fPGjH0wqJo68A0wQ1k158utDq/cRyZNlFoxGwNScE28aUFOKFEnCBsvyD8jHn+0kd0UKVpuGuaZEQ6r9FJRqCg==
  dependencies:
    "@babel/parser" "^7.23.5"
    "@vue/compiler-core" "3.3.11"
    "@vue/shared" "3.3.11"
    estree-walker "^2.0.2"
    magic-string "^0.30.5"

"@vue/reactivity@3.3.11":
  version "3.3.11"
  resolved "https://registry.yarnpkg.com/@vue/reactivity/-/reactivity-3.3.11.tgz#91f8e6c9ac60a595a5278c836b197628fd947a0d"
  integrity sha512-D5tcw091f0nuu+hXq5XANofD0OXnBmaRqMYl5B3fCR+mX+cXJIGNw/VNawBqkjLNWETrFW0i+xH9NvDbTPVh7g==
  dependencies:
    "@vue/shared" "3.3.11"

"@vue/reactivity@3.4.0":
  version "3.4.0"
  resolved "https://registry.yarnpkg.com/@vue/reactivity/-/reactivity-3.4.0.tgz#84e1d4196bed3fb471e3593d187680a35cfee23a"
  integrity sha512-X6BvQjNcgKKHWPQzlRJjZvIu72Kkn8xJSv6VNptqWh8dToMknD0Hch1l4N7llKgVt6Diq4lMeUnErbZFvuGlAA==
  dependencies:
    "@vue/shared" "3.4.0"

"@vue/runtime-core@3.3.11":
  version "3.3.11"
  resolved "https://registry.yarnpkg.com/@vue/runtime-core/-/runtime-core-3.3.11.tgz#63defba57bc54c1dac68a95b56c2633b1419193d"
  integrity sha512-g9ztHGwEbS5RyWaOpXuyIVFTschclnwhqEbdy5AwGhYOgc7m/q3NFwr50MirZwTTzX55JY8pSkeib9BX04NIpw==
  dependencies:
    "@vue/reactivity" "3.3.11"
    "@vue/shared" "3.3.11"

"@vue/runtime-core@3.4.0":
  version "3.4.0"
  resolved "https://registry.yarnpkg.com/@vue/runtime-core/-/runtime-core-3.4.0.tgz#6c49cac6142d941954c68c2888160c8fbcdbfc11"
  integrity sha512-NYrj/JgMMqnSWcIud8lLzDQrBLu+EVEeQ56QE9DYJeKG2eFrnQy8o/h57R9nCprafHs0uImKL3xsdXjHseYVxw==
  dependencies:
    "@vue/reactivity" "3.4.0"
    "@vue/shared" "3.4.0"

"@vue/runtime-dom@3.3.11":
  version "3.3.11"
  resolved "https://registry.yarnpkg.com/@vue/runtime-dom/-/runtime-dom-3.3.11.tgz#1146d8d280b0fec4d2e18c4a4c8f8121d0cecc09"
  integrity sha512-OlhtV1PVpbgk+I2zl+Y5rQtDNcCDs12rsRg71XwaA2/Rbllw6mBLMi57VOn8G0AjOJ4Mdb4k56V37+g8ukShpQ==
  dependencies:
    "@vue/runtime-core" "3.3.11"
    "@vue/shared" "3.3.11"
    csstype "^3.1.2"

"@vue/runtime-dom@3.4.0":
  version "3.4.0"
  resolved "https://registry.yarnpkg.com/@vue/runtime-dom/-/runtime-dom-3.4.0.tgz#9397aa9e74c6f44a03c4f4755d931a10dbf6ec44"
  integrity sha512-1ZoHEsA5l77qbx2F+SWo/hQdBksPuOmww1t/jznidDG+xMB/iidafEFvo2ZTtZii0JfTIrlDhjshfYUvQC17wQ==
  dependencies:
    "@vue/runtime-core" "3.4.0"
    "@vue/shared" "3.4.0"
    csstype "^3.1.3"

"@vue/server-renderer@3.3.11":
  version "3.3.11"
  resolved "https://registry.yarnpkg.com/@vue/server-renderer/-/server-renderer-3.3.11.tgz#409aed8031a125791e2143552975ecd1958ad601"
  integrity sha512-AIWk0VwwxCAm4wqtJyxBylRTXSy1wCLOKbWxHaHiu14wjsNYtiRCSgVuqEPVuDpErOlRdNnuRgipQfXRLjLN5A==
  dependencies:
    "@vue/compiler-ssr" "3.3.11"
    "@vue/shared" "3.3.11"

"@vue/server-renderer@3.4.0":
  version "3.4.0"
  resolved "https://registry.yarnpkg.com/@vue/server-renderer/-/server-renderer-3.4.0.tgz#7b0c5e71463140c64d05c314f46a07c9dcc62625"
  integrity sha512-GuOVCyLDlWPu8nKo5AUxb8B+iB/Ik4I1WwqAlBqf5+y48z6D6rvKshp7KR3cJea+pte1tdTsb0+Ja82KizMZOw==
  dependencies:
    "@vue/compiler-ssr" "3.4.0"
    "@vue/shared" "3.4.0"

"@vue/shared@3.3.11":
  version "3.3.11"
  resolved "https://registry.yarnpkg.com/@vue/shared/-/shared-3.3.11.tgz#f6a038e15237edefcc90dbfe7edb806dd355c7bd"
  integrity sha512-u2G8ZQ9IhMWTMXaWqZycnK4UthG1fA238CD+DP4Dm4WJi5hdUKKLg0RMRaRpDPNMdkTwIDkp7WtD0Rd9BH9fLw==

"@vue/shared@3.4.0":
  version "3.4.0"
  resolved "https://registry.yarnpkg.com/@vue/shared/-/shared-3.4.0.tgz#b6e804a4742929f94f0159aafd0a2940621cd8de"
  integrity sha512-Nhh3ed3G1R6HDAWiG6YYFt0Zmq/To6u5vjzwa9TIquGheCXPY6nEdIAO8ZdlwXsWqC2yNLj700FOvShpYt5CEA==

asynckit@^0.4.0:
  version "0.4.0"
  resolved "https://registry.yarnpkg.com/asynckit/-/asynckit-0.4.0.tgz#c79ed97f7f34cb8f2ba1bc9790bcc366474b4b79"
  integrity sha512-Oei9OH4tRh0YqU3GxhX79dM/mwVgvbZJaSNaRk+bshkj0S5cfHcgYakreBjrHwatXKbz+IoIdYLxrKim2MjW0Q==

axios@^1.6.2:
  version "1.6.2"
  resolved "https://registry.yarnpkg.com/axios/-/axios-1.6.2.tgz#de67d42c755b571d3e698df1b6504cde9b0ee9f2"
  integrity sha512-7i24Ri4pmDRfJTR7LDBhsOTtcm+9kjX5WiY1X3wIisx6G9So3pfMkEiU7emUBe46oceVImccTEM3k6C5dbVW8A==
  dependencies:
    follow-redirects "^1.15.0"
    form-data "^4.0.0"
    proxy-from-env "^1.1.0"

combined-stream@^1.0.8:
  version "1.0.8"
  resolved "https://registry.yarnpkg.com/combined-stream/-/combined-stream-1.0.8.tgz#c3d45a8b34fd730631a110a8a2520682b31d5a7f"
  integrity sha512-FQN4MRfuJeHf7cBbBMJFXhKSDq+2kAArBlmRBvcvFE5BB1HZKXtSFASDhdlz9zOYwxh8lDdnvmMOe/+5cdoEdg==
  dependencies:
    delayed-stream "~1.0.0"

csstype@^3.1.2, csstype@^3.1.3:
  version "3.1.3"
  resolved "https://registry.yarnpkg.com/csstype/-/csstype-3.1.3.tgz#d80ff294d114fb0e6ac500fbf85b60137d7eff81"
  integrity sha512-M1uQkMl8rQK/szD0LNhtqxIPLpimGm8sOBwU7lLnCpSbTyY3yeU1Vc7l4KT5zT4s/yOxHH5O7tIuuLOCnLADRw==

delayed-stream@~1.0.0:
  version "1.0.0"
  resolved "https://registry.yarnpkg.com/delayed-stream/-/delayed-stream-1.0.0.tgz#df3ae199acadfb7d440aaae0b29e2272b24ec619"
  integrity sha512-ZySD7Nf91aLB0RxL4KGrKHBXl7Eds1DAmEdcoVawXnLD7SDhpNgtuII2aAkg7a7QS41jxPSZ17p4VdGnMHk3MQ==

entities@^4.5.0:
  version "4.5.0"
  resolved "https://registry.yarnpkg.com/entities/-/entities-4.5.0.tgz#5d268ea5e7113ec74c4d033b79ea5a35a488fb48"
  integrity sha512-V0hjH4dGPh9Ao5p0MoRY6BVqtwCjhz6vI5LT8AJ55H+4g9/4vbHx1I54fS0XuclLhDHArPQCiMjDxjaL8fPxhw==

esbuild@^0.19.3:
  version "0.19.9"
  resolved "https://registry.yarnpkg.com/esbuild/-/esbuild-0.19.9.tgz#423a8f35153beb22c0b695da1cd1e6c0c8cdd490"
  integrity sha512-U9CHtKSy+EpPsEBa+/A2gMs/h3ylBC0H0KSqIg7tpztHerLi6nrrcoUJAkNCEPumx8yJ+Byic4BVwHgRbN0TBg==
  optionalDependencies:
    "@esbuild/android-arm" "0.19.9"
    "@esbuild/android-arm64" "0.19.9"
    "@esbuild/android-x64" "0.19.9"
    "@esbuild/darwin-arm64" "0.19.9"
    "@esbuild/darwin-x64" "0.19.9"
    "@esbuild/freebsd-arm64" "0.19.9"
    "@esbuild/freebsd-x64" "0.19.9"
    "@esbuild/linux-arm" "0.19.9"
    "@esbuild/linux-arm64" "0.19.9"
    "@esbuild/linux-ia32" "0.19.9"
    "@esbuild/linux-loong64" "0.19.9"
    "@esbuild/linux-mips64el" "0.19.9"
    "@esbuild/linux-ppc64" "0.19.9"
    "@esbuild/linux-riscv64" "0.19.9"
    "@esbuild/linux-s390x" "0.19.9"
    "@esbuild/linux-x64" "0.19.9"
    "@esbuild/netbsd-x64" "0.19.9"
    "@esbuild/openbsd-x64" "0.19.9"
    "@esbuild/sunos-x64" "0.19.9"
    "@esbuild/win32-arm64" "0.19.9"
    "@esbuild/win32-ia32" "0.19.9"
    "@esbuild/win32-x64" "0.19.9"

estree-walker@^2.0.2:
  version "2.0.2"
  resolved "https://registry.yarnpkg.com/estree-walker/-/estree-walker-2.0.2.tgz#52f010178c2a4c117a7757cfe942adb7d2da4cac"
  integrity sha512-Rfkk/Mp/DL7JVje3u18FxFujQlTNR2q6QfMSMB7AvCBx91NGj/ba3kCfza0f6dVDbw7YlRf/nDrn7pQrCCyQ/w==

follow-redirects@^1.15.0:
  version "1.15.3"
  resolved "https://registry.yarnpkg.com/follow-redirects/-/follow-redirects-1.15.3.tgz#fe2f3ef2690afce7e82ed0b44db08165b207123a"
  integrity sha512-1VzOtuEM8pC9SFU1E+8KfTjZyMztRsgEfwQl44z8A25uy13jSzTj6dyK2Df52iV0vgHCfBwLhDWevLn95w5v6Q==

form-data@^4.0.0:
  version "4.0.0"
  resolved "https://registry.yarnpkg.com/form-data/-/form-data-4.0.0.tgz#93919daeaf361ee529584b9b31664dc12c9fa452"
  integrity sha512-ETEklSGi5t0QMZuiXoA/Q6vcnxcLQP5vdugSpuAyi6SVGi2clPPp+xgEhuMaHC+zGgn31Kd235W35f7Hykkaww==
  dependencies:
    asynckit "^0.4.0"
    combined-stream "^1.0.8"
    mime-types "^2.1.12"

fsevents@~2.3.2, fsevents@~2.3.3:
  version "2.3.3"
  resolved "https://registry.yarnpkg.com/fsevents/-/fsevents-2.3.3.tgz#cac6407785d03675a2a5e1a5305c697b347d90d6"
  integrity sha512-5xoDfX+fL7faATnagmWPpbFtwh/R77WmMMqqHGS65C3vvB0YHrgF+B1YmZ3441tMj5n63k0212XNoJwzlhffQw==

magic-string@^0.30.5:
  version "0.30.5"
  resolved "https://registry.yarnpkg.com/magic-string/-/magic-string-0.30.5.tgz#1994d980bd1c8835dc6e78db7cbd4ae4f24746f9"
  integrity sha512-7xlpfBaQaP/T6Vh8MO/EqXSW5En6INHEvEXQiuff7Gku0PWjU3uf6w/j9o7O+SpB5fOAkrI5HeoNgwjEO0pFsA==
  dependencies:
    "@jridgewell/sourcemap-codec" "^1.4.15"

mime-db@1.52.0:
  version "1.52.0"
  resolved "https://registry.yarnpkg.com/mime-db/-/mime-db-1.52.0.tgz#bbabcdc02859f4987301c856e3387ce5ec43bf70"
  integrity sha512-sPU4uV7dYlvtWJxwwxHD0PuihVNiE7TyAbQ5SWxDCB9mUYvOgroQOwYQQOKPJ8CIbE+1ETVlOoK1UC2nU3gYvg==

mime-types@^2.1.12:
  version "2.1.35"
  resolved "https://registry.yarnpkg.com/mime-types/-/mime-types-2.1.35.tgz#381a871b62a734450660ae3deee44813f70d959a"
  integrity sha512-ZDY+bPm5zTTF+YpCrAU9nK0UgICYPT0QtT1NZWFv4s++TNkcgVaT0g6+4R2uI4MjQjzysHB1zxuWL50hzaeXiw==
  dependencies:
    mime-db "1.52.0"

nanoid@^3.3.7:
  version "3.3.7"
  resolved "https://registry.yarnpkg.com/nanoid/-/nanoid-3.3.7.tgz#d0c301a691bc8d54efa0a2226ccf3fe2fd656bd8"
  integrity sha512-eSRppjcPIatRIMC1U6UngP8XFcz8MQWGQdt1MTBQ7NaAmvXDfvNxbvWV3x2y6CdEUciCSsDHDQZbhYaB8QEo2g==

picocolors@^1.0.0:
  version "1.0.0"
  resolved "https://registry.yarnpkg.com/picocolors/-/picocolors-1.0.0.tgz#cb5bdc74ff3f51892236eaf79d68bc44564ab81c"
  integrity sha512-1fygroTLlHu66zi26VoTDv8yRgm0Fccecssto+MhsZ0D/DGW2sm8E8AjW7NU5VVTRt5GxbeZ5qBuJr+HyLYkjQ==

postcss@^8.4.32:
  version "8.4.32"
  resolved "https://registry.yarnpkg.com/postcss/-/postcss-8.4.32.tgz#1dac6ac51ab19adb21b8b34fd2d93a86440ef6c9"
  integrity sha512-D/kj5JNu6oo2EIy+XL/26JEDTlIbB8hw85G8StOE6L74RQAVVP5rej6wxCNqyMbR4RkPfqvezVbPw81Ngd6Kcw==
  dependencies:
    nanoid "^3.3.7"
    picocolors "^1.0.0"
    source-map-js "^1.0.2"

proxy-from-env@^1.1.0:
  version "1.1.0"
  resolved "https://registry.yarnpkg.com/proxy-from-env/-/proxy-from-env-1.1.0.tgz#e102f16ca355424865755d2c9e8ea4f24d58c3e2"
  integrity sha512-D+zkORCbA9f1tdWRK0RaCR3GPv50cMxcrz4X8k5LTSUD1Dkw47mKJEZQNunItRTkWwgtaUSo1RVFRIG9ZXiFYg==

rollup@^4.2.0:
  version "4.9.0"
  resolved "https://registry.yarnpkg.com/rollup/-/rollup-4.9.0.tgz#94dff4070f106c1be6b2e88401a49b023c87fa88"
  integrity sha512-bUHW/9N21z64gw8s6tP4c88P382Bq/L5uZDowHlHx6s/QWpjJXivIAbEw6LZthgSvlEizZBfLC4OAvWe7aoF7A==
  optionalDependencies:
    "@rollup/rollup-android-arm-eabi" "4.9.0"
    "@rollup/rollup-android-arm64" "4.9.0"
    "@rollup/rollup-darwin-arm64" "4.9.0"
    "@rollup/rollup-darwin-x64" "4.9.0"
    "@rollup/rollup-linux-arm-gnueabihf" "4.9.0"
    "@rollup/rollup-linux-arm64-gnu" "4.9.0"
    "@rollup/rollup-linux-arm64-musl" "4.9.0"
    "@rollup/rollup-linux-riscv64-gnu" "4.9.0"
    "@rollup/rollup-linux-x64-gnu" "4.9.0"
    "@rollup/rollup-linux-x64-musl" "4.9.0"
    "@rollup/rollup-win32-arm64-msvc" "4.9.0"
    "@rollup/rollup-win32-ia32-msvc" "4.9.0"
    "@rollup/rollup-win32-x64-msvc" "4.9.0"
    fsevents "~2.3.2"

source-map-js@^1.0.2:
  version "1.0.2"
  resolved "https://registry.yarnpkg.com/source-map-js/-/source-map-js-1.0.2.tgz#adbc361d9c62df380125e7f161f71c826f1e490c"
  integrity sha512-R0XvVJ9WusLiqTCEiGCmICCMplcCkIwwR11mOSD9CR5u+IXYdiseeEuXCVAjS54zqwkLcPNnmU4OeJ6tUrWhDw==

vite@^5.0.5:
  version "5.0.9"
  resolved "https://registry.yarnpkg.com/vite/-/vite-5.0.9.tgz#2ac49a37b5accba29d945fcee9a0b7b862423cd4"
  integrity sha512-wVqMd5kp28QWGgfYPDfrj771VyHTJ4UDlCteLH7bJDGDEamaz5hV8IX6h1brSGgnnyf9lI2RnzXq/JmD0c2wwg==
  dependencies:
    esbuild "^0.19.3"
    postcss "^8.4.32"
    rollup "^4.2.0"
  optionalDependencies:
    fsevents "~2.3.3"

vue-router@4:
  version "4.2.5"
  resolved "https://registry.yarnpkg.com/vue-router/-/vue-router-4.2.5.tgz#b9e3e08f1bd9ea363fdd173032620bc50cf0e98a"
  integrity sha512-DIUpKcyg4+PTQKfFPX88UWhlagBEBEfJ5A8XDXRJLUnZOvcpMF8o/dnL90vpVkGaPbjvXazV/rC1qBKrZlFugw==
  dependencies:
    "@vue/devtools-api" "^6.5.0"

vue@^3.3.10:
  version "3.3.11"
  resolved "https://registry.yarnpkg.com/vue/-/vue-3.3.11.tgz#898d97025f73cdb5fc4e3ae3fd07a54615232140"
  integrity sha512-d4oBctG92CRO1cQfVBZp6WJAs0n8AK4Xf5fNjQCBeKCvMI1efGQ5E3Alt1slFJS9fZuPcFoiAiqFvQlv1X7t/w==
  dependencies:
    "@vue/compiler-dom" "3.3.11"
    "@vue/compiler-sfc" "3.3.11"
    "@vue/runtime-dom" "3.3.11"
    "@vue/server-renderer" "3.3.11"
    "@vue/shared" "3.3.11"

vue@^3.3.4:
  version "3.4.0"
  resolved "https://registry.yarnpkg.com/vue/-/vue-3.4.0.tgz#0671a2607265c16ab56041174744b6bed8ac2baa"
  integrity sha512-iTE9Ve/7DO/H39+gXHrNkRdnh1jDwPe/fap4brbPKkp1APMkS03OiZ+UY0dwpqtRX0iPWQTkh8Fu3hKgLtaxfA==
  dependencies:
    "@vue/compiler-dom" "3.4.0"
    "@vue/compiler-sfc" "3.4.0"
    "@vue/runtime-dom" "3.4.0"
    "@vue/server-renderer" "3.4.0"
    "@vue/shared" "3.4.0"
