# THIS IS AN AUTOGENERATED FILE. DO NOT EDIT THIS FILE DIRECTLY.
# yarn lockfile v1


"@supabase/functions-js@^2.1.5":
  version "2.1.5"
  resolved "https://registry.yarnpkg.com/@supabase/functions-js/-/functions-js-2.1.5.tgz#ed1b85f499dfda21d40fe39b86ab923117cb572b"
  integrity sha512-BNzC5XhCzzCaggJ8s53DP+WeHHGT/NfTsx2wUSSGKR2/ikLFQTBCDzMvGz/PxYMqRko/LwncQtKXGOYp1PkPaw==
  dependencies:
    "@supabase/node-fetch" "^2.6.14"

"@supabase/gotrue-js@^2.60.0":
  version "2.62.0"
  resolved "https://registry.yarnpkg.com/@supabase/gotrue-js/-/gotrue-js-2.62.0.tgz#c6522e357f3ce38ab32522b82ee818a4f627664c"
  integrity sha512-4eBuZNXGOk7ewqJuHPYMnk8clCtEx6Hfnu6yHLjZlx7w18TqcojcTRUBZagErtpgwwdfzUwKbquexhbrpH/ysw==
  dependencies:
    "@supabase/node-fetch" "^2.6.14"

"@supabase/node-fetch@^2.6.14":
  version "2.6.15"
  resolved "https://registry.yarnpkg.com/@supabase/node-fetch/-/node-fetch-2.6.15.tgz#731271430e276983191930816303c44159e7226c"
  integrity sha512-1ibVeYUacxWYi9i0cf5efil6adJ9WRyZBLivgjs+AUpewx1F3xPi7gLgaASI2SmIQxPoCEjAsLAzKPgMJVgOUQ==
  dependencies:
    whatwg-url "^5.0.0"

"@supabase/postgrest-js@^1.9.0":
  version "1.9.1"
  resolved "https://registry.yarnpkg.com/@supabase/postgrest-js/-/postgrest-js-1.9.1.tgz#9518f845349264d0cdfaf64d5e17af386fb54874"
  integrity sha512-xZD2AZDek4ckjuTU+gt32hCN6fz6L3dFJudbiMqsrJ+Ml/RS9k1Kw6VWj5EAdFUJEYB0O/TKEt6oF5VoUwhn+g==
  dependencies:
    "@supabase/node-fetch" "^2.6.14"

"@supabase/realtime-js@^2.8.4":
  version "2.9.1"
  resolved "https://registry.yarnpkg.com/@supabase/realtime-js/-/realtime-js-2.9.1.tgz#c2648a16e15d22c6e8ad0b7a547714224ca89219"
  integrity sha512-OxmY2qj+y6+KI4ifTL92j5+WYP+u5/PdThlYxVb0GMcMiMHfA7yIku9yaQNC5/oRdIvhuRpTMG/8/R40eB+8pA==
  dependencies:
    "@supabase/node-fetch" "^2.6.14"
    "@types/phoenix" "^1.5.4"
    ws "^8.14.2"

"@supabase/storage-js@^2.5.4":
  version "2.5.5"
  resolved "https://registry.yarnpkg.com/@supabase/storage-js/-/storage-js-2.5.5.tgz#2958e2a2cec8440e605bb53bd36649288c4dfa01"
  integrity sha512-OpLoDRjFwClwc2cjTJZG8XviTiQH4Ik8sCiMK5v7et0MDu2QlXjCAW3ljxJB5+z/KazdMOTnySi+hysxWUPu3w==
  dependencies:
    "@supabase/node-fetch" "^2.6.14"

"@supabase/supabase-js@^2.39.2":
  version "2.39.2"
  resolved "https://registry.yarnpkg.com/@supabase/supabase-js/-/supabase-js-2.39.2.tgz#72b3a760909e553d539f765f2be2f88ab5c854ea"
  integrity sha512-P+raK0epLef7x/s4MOUx6/TM2DX2UqMwbQXcV8PKYBX6xvX/zXARzakHsBrL/W5mA52S1vsRZjR8l7HhEPKmqA==
  dependencies:
    "@supabase/functions-js" "^2.1.5"
    "@supabase/gotrue-js" "^2.60.0"
    "@supabase/node-fetch" "^2.6.14"
    "@supabase/postgrest-js" "^1.9.0"
    "@supabase/realtime-js" "^2.8.4"
    "@supabase/storage-js" "^2.5.4"

"@types/phoenix@^1.5.4":
  version "1.6.4"
  resolved "https://registry.yarnpkg.com/@types/phoenix/-/phoenix-1.6.4.tgz#cceac93a827555473ad38057d1df7d06eef1ed71"
  integrity sha512-B34A7uot1Cv0XtaHRYDATltAdKx0BvVKNgYNqE4WjtPUa4VQJM7kxeXcVKaH+KS+kCmZ+6w+QaUdcljiheiBJA==

tr46@~0.0.3:
  version "0.0.3"
  resolved "https://registry.yarnpkg.com/tr46/-/tr46-0.0.3.tgz#8184fd347dac9cdc185992f3a6622e14b9d9ab6a"
  integrity sha512-N3WMsuqV66lT30CrXNbEjx4GEwlow3v6rr4mCcv6prnfwhS01rkgyFdjPNBYd9br7LpXV1+Emh01fHnq2Gdgrw==

webidl-conversions@^3.0.0:
  version "3.0.1"
  resolved "https://registry.yarnpkg.com/webidl-conversions/-/webidl-conversions-3.0.1.tgz#24534275e2a7bc6be7bc86611cc16ae0a5654871"
  integrity sha512-2JAn3z8AR6rjK8Sm8orRC0h/bcl/DqL7tRPdGZ4I1CjdF+EaMLmYxBHyXuKL849eucPFhvBoxMsflfOb8kxaeQ==

whatwg-url@^5.0.0:
  version "5.0.0"
  resolved "https://registry.yarnpkg.com/whatwg-url/-/whatwg-url-5.0.0.tgz#966454e8765462e37644d3626f6742ce8b70965d"
  integrity sha512-saE57nupxk6v3HY35+jzBwYa0rKSy0XR8JSxZPwgLr7ys0IBzhGviA1/TUGJLmSVqs8pb9AnvICXEuOHLprYTw==
  dependencies:
    tr46 "~0.0.3"
    webidl-conversions "^3.0.0"

ws@^8.14.2:
  version "8.16.0"
  resolved "https://registry.yarnpkg.com/ws/-/ws-8.16.0.tgz#d1cd774f36fbc07165066a60e40323eab6446fd4"
  integrity sha512-HS0c//TP7Ina87TfiPUz1rQzMhHrl/SG2guqRcTOIUYD2q8uhUdNHZYJUaQ8aTGPzCh+c6oawMKW35nFl1dxyQ==
